// !$*UTF8*$!
{
	archiveVersion = 1;
	classes = {
	};
	objectVersion = 52;
	objects = {

/* Begin PBXBuildFile section */
		E124EC4526B60F9300E7EA55 /* Tests_iOS.swift in Sources */ = {isa = PBXBuildFile; fileRef = E124EC4426B60F9300E7EA55 /* Tests_iOS.swift */; };
		E124EC5026B60F9300E7EA55 /* Tests_macOS.swift in Sources */ = {isa = PBXBuildFile; fileRef = E124EC4F26B60F9300E7EA55 /* Tests_macOS.swift */; };
		E124EC5226B60F9300E7EA55 /* KMLPlaces.xcdatamodeld in Sources */ = {isa = PBXBuildFile; fileRef = E124EC2626B60F9200E7EA55 /* KMLPlaces.xcdatamodeld */; };
		E124EC5326B60F9300E7EA55 /* KMLPlaces.xcdatamodeld in Sources */ = {isa = PBXBuildFile; fileRef = E124EC2626B60F9200E7EA55 /* KMLPlaces.xcdatamodeld */; };
		E124EC5426B60F9300E7EA55 /* KMLPlacesApp.swift in Sources */ = {isa = PBXBuildFile; fileRef = E124EC2826B60F9200E7EA55 /* KMLPlacesApp.swift */; };
		E124EC5526B60F9300E7EA55 /* KMLPlacesApp.swift in Sources */ = {isa = PBXBuildFile; fileRef = E124EC2826B60F9200E7EA55 /* KMLPlacesApp.swift */; };
		E124EC5826B60F9300E7EA55 /* Persistence.swift in Sources */ = {isa = PBXBuildFile; fileRef = E124EC2A26B60F9200E7EA55 /* Persistence.swift */; };
		E124EC5926B60F9300E7EA55 /* Persistence.swift in Sources */ = {isa = PBXBuildFile; fileRef = E124EC2A26B60F9200E7EA55 /* Persistence.swift */; };
		E124EC5A26B60F9300E7EA55 /* Assets.xcassets in Resources */ = {isa = PBXBuildFile; fileRef = E124EC2B26B60F9300E7EA55 /* Assets.xcassets */; };
		E124EC5B26B60F9300E7EA55 /* Assets.xcassets in Resources */ = {isa = PBXBuildFile; fileRef = E124EC2B26B60F9300E7EA55 /* Assets.xcassets */; };
		E124EC6D26B6108600E7EA55 /* Localizable.strings in Resources */ = {isa = PBXBuildFile; fileRef = E124EC6C26B6108600E7EA55 /* Localizable.strings */; };
		E124EC6E26B6108600E7EA55 /* Localizable.strings in Resources */ = {isa = PBXBuildFile; fileRef = E124EC6C26B6108600E7EA55 /* Localizable.strings */; };
		E124EC7526B6112F00E7EA55 /* RootView.swift in Sources */ = {isa = PBXBuildFile; fileRef = E124EC7226B6112F00E7EA55 /* RootView.swift */; };
		E124EC7626B6112F00E7EA55 /* RootView.swift in Sources */ = {isa = PBXBuildFile; fileRef = E124EC7226B6112F00E7EA55 /* RootView.swift */; };
		E124EC7926B6113E00E7EA55 /* ListView.swift in Sources */ = {isa = PBXBuildFile; fileRef = E124EC7726B6113E00E7EA55 /* ListView.swift */; };
		E124EC7A26B6113E00E7EA55 /* ListView.swift in Sources */ = {isa = PBXBuildFile; fileRef = E124EC7726B6113E00E7EA55 /* ListView.swift */; };
		E124EC7B26B6113E00E7EA55 /* ListViewModel.swift in Sources */ = {isa = PBXBuildFile; fileRef = E124EC7826B6113E00E7EA55 /* ListViewModel.swift */; };
		E124EC7C26B6113E00E7EA55 /* ListViewModel.swift in Sources */ = {isa = PBXBuildFile; fileRef = E124EC7826B6113E00E7EA55 /* ListViewModel.swift */; };
		E124EC7F26B7824300E7EA55 /* SettingsView.swift in Sources */ = {isa = PBXBuildFile; fileRef = E124EC7E26B7824300E7EA55 /* SettingsView.swift */; };
		E124EC8026B7824300E7EA55 /* SettingsView.swift in Sources */ = {isa = PBXBuildFile; fileRef = E124EC7E26B7824300E7EA55 /* SettingsView.swift */; };
		E124EC8626B7868100E7EA55 /* SettingsViewModel.swift in Sources */ = {isa = PBXBuildFile; fileRef = E124EC8526B7868100E7EA55 /* SettingsViewModel.swift */; };
		E124EC8726B7868100E7EA55 /* SettingsViewModel.swift in Sources */ = {isa = PBXBuildFile; fileRef = E124EC8526B7868100E7EA55 /* SettingsViewModel.swift */; };
		E124EC8926B7871200E7EA55 /* SettingsDocumentPicker.swift in Sources */ = {isa = PBXBuildFile; fileRef = E124EC8826B7871200E7EA55 /* SettingsDocumentPicker.swift */; };
		E124EC8A26B7871200E7EA55 /* SettingsDocumentPicker.swift in Sources */ = {isa = PBXBuildFile; fileRef = E124EC8826B7871200E7EA55 /* SettingsDocumentPicker.swift */; };
		E124EC8C26B788C300E7EA55 /* KMLParser.swift in Sources */ = {isa = PBXBuildFile; fileRef = E124EC8B26B788C300E7EA55 /* KMLParser.swift */; };
		E124EC8D26B788C300E7EA55 /* KMLParser.swift in Sources */ = {isa = PBXBuildFile; fileRef = E124EC8B26B788C300E7EA55 /* KMLParser.swift */; };
		E124EC9126B789E100E7EA55 /* SWXMLHash in Frameworks */ = {isa = PBXBuildFile; productRef = E124EC9026B789E100E7EA55 /* SWXMLHash */; };
		E124EC9426B789F000E7EA55 /* SWXMLHash in Frameworks */ = {isa = PBXBuildFile; productRef = E124EC9326B789F000E7EA55 /* SWXMLHash */; };
		E124EC9826B78D4A00E7EA55 /* Logger.swift in Sources */ = {isa = PBXBuildFile; fileRef = E124EC9726B78D4A00E7EA55 /* Logger.swift */; };
		E124EC9926B78D4A00E7EA55 /* Logger.swift in Sources */ = {isa = PBXBuildFile; fileRef = E124EC9726B78D4A00E7EA55 /* Logger.swift */; };
		E124EC9C26B790E100E7EA55 /* CollectionExtensions.swift in Sources */ = {isa = PBXBuildFile; fileRef = E124EC9B26B790E100E7EA55 /* CollectionExtensions.swift */; };
		E124EC9D26B790E100E7EA55 /* CollectionExtensions.swift in Sources */ = {isa = PBXBuildFile; fileRef = E124EC9B26B790E100E7EA55 /* CollectionExtensions.swift */; };
		E124EC9F26B794FC00E7EA55 /* StringExtensions.swift in Sources */ = {isa = PBXBuildFile; fileRef = E124EC9E26B794FC00E7EA55 /* StringExtensions.swift */; };
		E124ECA026B794FC00E7EA55 /* StringExtensions.swift in Sources */ = {isa = PBXBuildFile; fileRef = E124EC9E26B794FC00E7EA55 /* StringExtensions.swift */; };
		E124ECA626B7A34100E7EA55 /* SettingsModule.swift in Sources */ = {isa = PBXBuildFile; fileRef = E124ECA526B7A34100E7EA55 /* SettingsModule.swift */; };
		E124ECA726B7A34100E7EA55 /* SettingsModule.swift in Sources */ = {isa = PBXBuildFile; fileRef = E124ECA526B7A34100E7EA55 /* SettingsModule.swift */; };
		E124ECA926B7A45300E7EA55 /* SettingsRepository.swift in Sources */ = {isa = PBXBuildFile; fileRef = E124ECA826B7A45300E7EA55 /* SettingsRepository.swift */; };
		E124ECAA26B7A45300E7EA55 /* SettingsRepository.swift in Sources */ = {isa = PBXBuildFile; fileRef = E124ECA826B7A45300E7EA55 /* SettingsRepository.swift */; };
		E124ECAD26B7A4E400E7EA55 /* SettingsPreviews.swift in Sources */ = {isa = PBXBuildFile; fileRef = E124ECAC26B7A4E400E7EA55 /* SettingsPreviews.swift */; };
		E124ECAE26B7A4E400E7EA55 /* SettingsPreviews.swift in Sources */ = {isa = PBXBuildFile; fileRef = E124ECAC26B7A4E400E7EA55 /* SettingsPreviews.swift */; };
		E124ECB126B7A6C700E7EA55 /* ListModule.swift in Sources */ = {isa = PBXBuildFile; fileRef = E124ECB026B7A6C700E7EA55 /* ListModule.swift */; };
		E124ECB226B7A6C700E7EA55 /* ListModule.swift in Sources */ = {isa = PBXBuildFile; fileRef = E124ECB026B7A6C700E7EA55 /* ListModule.swift */; };
		E124ECB426B7A75500E7EA55 /* ListRepository.swift in Sources */ = {isa = PBXBuildFile; fileRef = E124ECB326B7A75500E7EA55 /* ListRepository.swift */; };
		E124ECB526B7A75500E7EA55 /* ListRepository.swift in Sources */ = {isa = PBXBuildFile; fileRef = E124ECB326B7A75500E7EA55 /* ListRepository.swift */; };
		E124ECB726B7ADD000E7EA55 /* FolderExtensions.swift in Sources */ = {isa = PBXBuildFile; fileRef = E124ECB626B7ADD000E7EA55 /* FolderExtensions.swift */; };
		E124ECB826B7ADD000E7EA55 /* FolderExtensions.swift in Sources */ = {isa = PBXBuildFile; fileRef = E124ECB626B7ADD000E7EA55 /* FolderExtensions.swift */; };
		E124ECBA26B7AE7600E7EA55 /* ListPreviews.swift in Sources */ = {isa = PBXBuildFile; fileRef = E124ECB926B7AE7600E7EA55 /* ListPreviews.swift */; };
		E124ECBB26B7AE7600E7EA55 /* ListPreviews.swift in Sources */ = {isa = PBXBuildFile; fileRef = E124ECB926B7AE7600E7EA55 /* ListPreviews.swift */; };
		E124ECC026B7B24B00E7EA55 /* NotificationName.swift in Sources */ = {isa = PBXBuildFile; fileRef = E124ECBF26B7B24B00E7EA55 /* NotificationName.swift */; };
		E124ECC126B7B24B00E7EA55 /* NotificationName.swift in Sources */ = {isa = PBXBuildFile; fileRef = E124ECBF26B7B24B00E7EA55 /* NotificationName.swift */; };
		E124ECC426B8C16900E7EA55 /* DetailsView.swift in Sources */ = {isa = PBXBuildFile; fileRef = E124ECC326B8C16900E7EA55 /* DetailsView.swift */; };
		E124ECC526B8C16900E7EA55 /* DetailsView.swift in Sources */ = {isa = PBXBuildFile; fileRef = E124ECC326B8C16900E7EA55 /* DetailsView.swift */; };
		E124ECCB26B8C49E00E7EA55 /* DetailsModule.swift in Sources */ = {isa = PBXBuildFile; fileRef = E124ECCA26B8C49E00E7EA55 /* DetailsModule.swift */; };
		E124ECCC26B8C49E00E7EA55 /* DetailsModule.swift in Sources */ = {isa = PBXBuildFile; fileRef = E124ECCA26B8C49E00E7EA55 /* DetailsModule.swift */; };
		E124ECCF26B8C7EA00E7EA55 /* ListNavigationView.swift in Sources */ = {isa = PBXBuildFile; fileRef = E124ECCE26B8C7EA00E7EA55 /* ListNavigationView.swift */; };
		E124ECD026B8C7EA00E7EA55 /* ListNavigationView.swift in Sources */ = {isa = PBXBuildFile; fileRef = E124ECCE26B8C7EA00E7EA55 /* ListNavigationView.swift */; };
/* End PBXBuildFile section */

/* Begin PBXContainerItemProxy section */
		E124EC4126B60F9300E7EA55 /* PBXContainerItemProxy */ = {
			isa = PBXContainerItemProxy;
			containerPortal = E124EC2126B60F9200E7EA55 /* Project object */;
			proxyType = 1;
			remoteGlobalIDString = E124EC2F26B60F9300E7EA55;
			remoteInfo = "KMLPlaces (iOS)";
		};
		E124EC4C26B60F9300E7EA55 /* PBXContainerItemProxy */ = {
			isa = PBXContainerItemProxy;
			containerPortal = E124EC2126B60F9200E7EA55 /* Project object */;
			proxyType = 1;
			remoteGlobalIDString = E124EC3726B60F9300E7EA55;
			remoteInfo = "KMLPlaces (macOS)";
		};
/* End PBXContainerItemProxy section */

/* Begin PBXFileReference section */
		E124EC2726B60F9200E7EA55 /* Shared.xcdatamodel */ = {isa = PBXFileReference; lastKnownFileType = wrapper.xcdatamodel; path = Shared.xcdatamodel; sourceTree = "<group>"; };
		E124EC2826B60F9200E7EA55 /* KMLPlacesApp.swift */ = {isa = PBXFileReference; lastKnownFileType = sourcecode.swift; path = KMLPlacesApp.swift; sourceTree = "<group>"; };
		E124EC2A26B60F9200E7EA55 /* Persistence.swift */ = {isa = PBXFileReference; lastKnownFileType = sourcecode.swift; path = Persistence.swift; sourceTree = "<group>"; };
		E124EC2B26B60F9300E7EA55 /* Assets.xcassets */ = {isa = PBXFileReference; lastKnownFileType = folder.assetcatalog; path = Assets.xcassets; sourceTree = "<group>"; };
		E124EC3026B60F9300E7EA55 /* KMLPlaces.app */ = {isa = PBXFileReference; explicitFileType = wrapper.application; includeInIndex = 0; path = KMLPlaces.app; sourceTree = BUILT_PRODUCTS_DIR; };
		E124EC3326B60F9300E7EA55 /* Info.plist */ = {isa = PBXFileReference; lastKnownFileType = text.plist.xml; path = Info.plist; sourceTree = "<group>"; };
		E124EC3826B60F9300E7EA55 /* KMLPlaces.app */ = {isa = PBXFileReference; explicitFileType = wrapper.application; includeInIndex = 0; path = KMLPlaces.app; sourceTree = BUILT_PRODUCTS_DIR; };
		E124EC3A26B60F9300E7EA55 /* Info.plist */ = {isa = PBXFileReference; lastKnownFileType = text.plist.xml; path = Info.plist; sourceTree = "<group>"; };
		E124EC3B26B60F9300E7EA55 /* macOS.entitlements */ = {isa = PBXFileReference; lastKnownFileType = text.plist.entitlements; path = macOS.entitlements; sourceTree = "<group>"; };
		E124EC4026B60F9300E7EA55 /* Tests iOS.xctest */ = {isa = PBXFileReference; explicitFileType = wrapper.cfbundle; includeInIndex = 0; path = "Tests iOS.xctest"; sourceTree = BUILT_PRODUCTS_DIR; };
		E124EC4426B60F9300E7EA55 /* Tests_iOS.swift */ = {isa = PBXFileReference; lastKnownFileType = sourcecode.swift; path = Tests_iOS.swift; sourceTree = "<group>"; };
		E124EC4626B60F9300E7EA55 /* Info.plist */ = {isa = PBXFileReference; lastKnownFileType = text.plist.xml; path = Info.plist; sourceTree = "<group>"; };
		E124EC4B26B60F9300E7EA55 /* Tests macOS.xctest */ = {isa = PBXFileReference; explicitFileType = wrapper.cfbundle; includeInIndex = 0; path = "Tests macOS.xctest"; sourceTree = BUILT_PRODUCTS_DIR; };
		E124EC4F26B60F9300E7EA55 /* Tests_macOS.swift */ = {isa = PBXFileReference; lastKnownFileType = sourcecode.swift; path = Tests_macOS.swift; sourceTree = "<group>"; };
		E124EC5126B60F9300E7EA55 /* Info.plist */ = {isa = PBXFileReference; lastKnownFileType = text.plist.xml; path = Info.plist; sourceTree = "<group>"; };
		E124EC6C26B6108600E7EA55 /* Localizable.strings */ = {isa = PBXFileReference; fileEncoding = 4; lastKnownFileType = text.plist.strings; path = Localizable.strings; sourceTree = "<group>"; };
		E124EC7226B6112F00E7EA55 /* RootView.swift */ = {isa = PBXFileReference; fileEncoding = 4; lastKnownFileType = sourcecode.swift; path = RootView.swift; sourceTree = "<group>"; };
		E124EC7726B6113E00E7EA55 /* ListView.swift */ = {isa = PBXFileReference; fileEncoding = 4; lastKnownFileType = sourcecode.swift; path = ListView.swift; sourceTree = "<group>"; };
		E124EC7826B6113E00E7EA55 /* ListViewModel.swift */ = {isa = PBXFileReference; fileEncoding = 4; lastKnownFileType = sourcecode.swift; path = ListViewModel.swift; sourceTree = "<group>"; };
		E124EC7E26B7824300E7EA55 /* SettingsView.swift */ = {isa = PBXFileReference; lastKnownFileType = sourcecode.swift; path = SettingsView.swift; sourceTree = "<group>"; };
		E124EC8526B7868100E7EA55 /* SettingsViewModel.swift */ = {isa = PBXFileReference; lastKnownFileType = sourcecode.swift; path = SettingsViewModel.swift; sourceTree = "<group>"; };
		E124EC8826B7871200E7EA55 /* SettingsDocumentPicker.swift */ = {isa = PBXFileReference; lastKnownFileType = sourcecode.swift; path = SettingsDocumentPicker.swift; sourceTree = "<group>"; };
		E124EC8B26B788C300E7EA55 /* KMLParser.swift */ = {isa = PBXFileReference; lastKnownFileType = sourcecode.swift; path = KMLParser.swift; sourceTree = "<group>"; };
		E124EC9726B78D4A00E7EA55 /* Logger.swift */ = {isa = PBXFileReference; lastKnownFileType = sourcecode.swift; path = Logger.swift; sourceTree = "<group>"; };
		E124EC9B26B790E100E7EA55 /* CollectionExtensions.swift */ = {isa = PBXFileReference; lastKnownFileType = sourcecode.swift; path = CollectionExtensions.swift; sourceTree = "<group>"; };
		E124EC9E26B794FC00E7EA55 /* StringExtensions.swift */ = {isa = PBXFileReference; lastKnownFileType = sourcecode.swift; path = StringExtensions.swift; sourceTree = "<group>"; };
		E124ECA126B79BCD00E7EA55 /* Shared2.xcdatamodel */ = {isa = PBXFileReference; lastKnownFileType = wrapper.xcdatamodel; path = Shared2.xcdatamodel; sourceTree = "<group>"; };
		E124ECA526B7A34100E7EA55 /* SettingsModule.swift */ = {isa = PBXFileReference; lastKnownFileType = sourcecode.swift; path = SettingsModule.swift; sourceTree = "<group>"; };
		E124ECA826B7A45300E7EA55 /* SettingsRepository.swift */ = {isa = PBXFileReference; lastKnownFileType = sourcecode.swift; path = SettingsRepository.swift; sourceTree = "<group>"; };
		E124ECAC26B7A4E400E7EA55 /* SettingsPreviews.swift */ = {isa = PBXFileReference; lastKnownFileType = sourcecode.swift; path = SettingsPreviews.swift; sourceTree = "<group>"; };
		E124ECB026B7A6C700E7EA55 /* ListModule.swift */ = {isa = PBXFileReference; lastKnownFileType = sourcecode.swift; path = ListModule.swift; sourceTree = "<group>"; };
		E124ECB326B7A75500E7EA55 /* ListRepository.swift */ = {isa = PBXFileReference; lastKnownFileType = sourcecode.swift; path = ListRepository.swift; sourceTree = "<group>"; };
		E124ECB626B7ADD000E7EA55 /* FolderExtensions.swift */ = {isa = PBXFileReference; lastKnownFileType = sourcecode.swift; path = FolderExtensions.swift; sourceTree = "<group>"; };
		E124ECB926B7AE7600E7EA55 /* ListPreviews.swift */ = {isa = PBXFileReference; lastKnownFileType = sourcecode.swift; path = ListPreviews.swift; sourceTree = "<group>"; };
		E124ECBC26B7B15900E7EA55 /* Shared3.xcdatamodel */ = {isa = PBXFileReference; lastKnownFileType = wrapper.xcdatamodel; path = Shared3.xcdatamodel; sourceTree = "<group>"; };
		E124ECBF26B7B24B00E7EA55 /* NotificationName.swift */ = {isa = PBXFileReference; lastKnownFileType = sourcecode.swift; path = NotificationName.swift; sourceTree = "<group>"; };
		E124ECC326B8C16900E7EA55 /* DetailsView.swift */ = {isa = PBXFileReference; lastKnownFileType = sourcecode.swift; path = DetailsView.swift; sourceTree = "<group>"; };
		E124ECCA26B8C49E00E7EA55 /* DetailsModule.swift */ = {isa = PBXFileReference; lastKnownFileType = sourcecode.swift; path = DetailsModule.swift; sourceTree = "<group>"; };
		E124ECCE26B8C7EA00E7EA55 /* ListNavigationView.swift */ = {isa = PBXFileReference; lastKnownFileType = sourcecode.swift; path = ListNavigationView.swift; sourceTree = "<group>"; };
/* End PBXFileReference section */

/* Begin PBXFrameworksBuildPhase section */
		E124EC2D26B60F9300E7EA55 /* Frameworks */ = {
			isa = PBXFrameworksBuildPhase;
			buildActionMask = 2147483647;
			files = (
				E124EC9126B789E100E7EA55 /* SWXMLHash in Frameworks */,
			);
			runOnlyForDeploymentPostprocessing = 0;
		};
		E124EC3526B60F9300E7EA55 /* Frameworks */ = {
			isa = PBXFrameworksBuildPhase;
			buildActionMask = 2147483647;
			files = (
				E124EC9426B789F000E7EA55 /* SWXMLHash in Frameworks */,
			);
			runOnlyForDeploymentPostprocessing = 0;
		};
		E124EC3D26B60F9300E7EA55 /* Frameworks */ = {
			isa = PBXFrameworksBuildPhase;
			buildActionMask = 2147483647;
			files = (
			);
			runOnlyForDeploymentPostprocessing = 0;
		};
		E124EC4826B60F9300E7EA55 /* Frameworks */ = {
			isa = PBXFrameworksBuildPhase;
			buildActionMask = 2147483647;
			files = (
			);
			runOnlyForDeploymentPostprocessing = 0;
		};
/* End PBXFrameworksBuildPhase section */

/* Begin PBXGroup section */
		E124EC2026B60F9200E7EA55 = {
			isa = PBXGroup;
			children = (
				E124EC2526B60F9200E7EA55 /* Shared */,
				E124EC3226B60F9300E7EA55 /* iOS */,
				E124EC3926B60F9300E7EA55 /* macOS */,
				E124EC4326B60F9300E7EA55 /* Tests iOS */,
				E124EC4E26B60F9300E7EA55 /* Tests macOS */,
				E124EC3126B60F9300E7EA55 /* Products */,
				E124EC9226B789F000E7EA55 /* Frameworks */,
			);
			sourceTree = "<group>";
		};
		E124EC2526B60F9200E7EA55 /* Shared */ = {
			isa = PBXGroup;
			children = (
				E124EC6A26B6102300E7EA55 /* Core */,
				E124EC7026B6110900E7EA55 /* Root */,
				E124EC6F26B6110100E7EA55 /* List */,
				E124ECC226B8C13B00E7EA55 /* Details */,
				E124EC7D26B7820600E7EA55 /* Settings */,
				E124EC6B26B6105A00E7EA55 /* Resources */,
				E124EC9A26B790B500E7EA55 /* Util */,
			);
			path = Shared;
			sourceTree = "<group>";
		};
		E124EC3126B60F9300E7EA55 /* Products */ = {
			isa = PBXGroup;
			children = (
				E124EC3026B60F9300E7EA55 /* KMLPlaces.app */,
				E124EC3826B60F9300E7EA55 /* KMLPlaces.app */,
				E124EC4026B60F9300E7EA55 /* Tests iOS.xctest */,
				E124EC4B26B60F9300E7EA55 /* Tests macOS.xctest */,
			);
			name = Products;
			sourceTree = "<group>";
		};
		E124EC3226B60F9300E7EA55 /* iOS */ = {
			isa = PBXGroup;
			children = (
				E124EC3326B60F9300E7EA55 /* Info.plist */,
			);
			path = iOS;
			sourceTree = "<group>";
		};
		E124EC3926B60F9300E7EA55 /* macOS */ = {
			isa = PBXGroup;
			children = (
				E124EC3A26B60F9300E7EA55 /* Info.plist */,
				E124EC3B26B60F9300E7EA55 /* macOS.entitlements */,
			);
			path = macOS;
			sourceTree = "<group>";
		};
		E124EC4326B60F9300E7EA55 /* Tests iOS */ = {
			isa = PBXGroup;
			children = (
				E124EC4426B60F9300E7EA55 /* Tests_iOS.swift */,
				E124EC4626B60F9300E7EA55 /* Info.plist */,
			);
			path = "Tests iOS";
			sourceTree = "<group>";
		};
		E124EC4E26B60F9300E7EA55 /* Tests macOS */ = {
			isa = PBXGroup;
			children = (
				E124EC4F26B60F9300E7EA55 /* Tests_macOS.swift */,
				E124EC5126B60F9300E7EA55 /* Info.plist */,
			);
			path = "Tests macOS";
			sourceTree = "<group>";
		};
		E124EC6A26B6102300E7EA55 /* Core */ = {
			isa = PBXGroup;
			children = (
				E124EC2826B60F9200E7EA55 /* KMLPlacesApp.swift */,
				E124EC8B26B788C300E7EA55 /* KMLParser.swift */,
				E124EC2A26B60F9200E7EA55 /* Persistence.swift */,
				E124EC9726B78D4A00E7EA55 /* Logger.swift */,
				E124EC2626B60F9200E7EA55 /* KMLPlaces.xcdatamodeld */,
			);
			path = Core;
			sourceTree = "<group>";
		};
		E124EC6B26B6105A00E7EA55 /* Resources */ = {
			isa = PBXGroup;
			children = (
				E124EC2B26B60F9300E7EA55 /* Assets.xcassets */,
				E124EC6C26B6108600E7EA55 /* Localizable.strings */,
			);
			path = Resources;
			sourceTree = "<group>";
		};
		E124EC6F26B6110100E7EA55 /* List */ = {
			isa = PBXGroup;
			children = (
				E124ECB026B7A6C700E7EA55 /* ListModule.swift */,
				E124ECB326B7A75500E7EA55 /* ListRepository.swift */,
				E124ECAF26B7A6A300E7EA55 /* Presentation */,
			);
			path = List;
			sourceTree = "<group>";
		};
		E124EC7026B6110900E7EA55 /* Root */ = {
			isa = PBXGroup;
			children = (
				E124EC7226B6112F00E7EA55 /* RootView.swift */,
			);
			path = Root;
			sourceTree = "<group>";
		};
		E124EC7D26B7820600E7EA55 /* Settings */ = {
			isa = PBXGroup;
			children = (
				E124ECA526B7A34100E7EA55 /* SettingsModule.swift */,
				E124ECA826B7A45300E7EA55 /* SettingsRepository.swift */,
				E124ECAB26B7A49300E7EA55 /* Presentation */,
			);
			path = Settings;
			sourceTree = "<group>";
		};
		E124EC9226B789F000E7EA55 /* Frameworks */ = {
			isa = PBXGroup;
			children = (
			);
			name = Frameworks;
			sourceTree = "<group>";
		};
		E124EC9A26B790B500E7EA55 /* Util */ = {
			isa = PBXGroup;
			children = (
				E124ECBE26B7B22F00E7EA55 /* Extensions */,
				E124ECBD26B7B22300E7EA55 /* FoundationExtensions */,
				E124ECBF26B7B24B00E7EA55 /* NotificationName.swift */,
			);
			path = Util;
			sourceTree = "<group>";
		};
		E124ECAB26B7A49300E7EA55 /* Presentation */ = {
			isa = PBXGroup;
			children = (
				E124EC7E26B7824300E7EA55 /* SettingsView.swift */,
				E124EC8526B7868100E7EA55 /* SettingsViewModel.swift */,
				E124EC8826B7871200E7EA55 /* SettingsDocumentPicker.swift */,
				E124ECAC26B7A4E400E7EA55 /* SettingsPreviews.swift */,
			);
			path = Presentation;
			sourceTree = "<group>";
		};
		E124ECAF26B7A6A300E7EA55 /* Presentation */ = {
			isa = PBXGroup;
			children = (
				E124ECCE26B8C7EA00E7EA55 /* ListNavigationView.swift */,
				E124EC7726B6113E00E7EA55 /* ListView.swift */,
				E124EC7826B6113E00E7EA55 /* ListViewModel.swift */,
				E124ECB926B7AE7600E7EA55 /* ListPreviews.swift */,
			);
			path = Presentation;
			sourceTree = "<group>";
		};
		E124ECBD26B7B22300E7EA55 /* FoundationExtensions */ = {
			isa = PBXGroup;
			children = (
				E124EC9B26B790E100E7EA55 /* CollectionExtensions.swift */,
				E124EC9E26B794FC00E7EA55 /* StringExtensions.swift */,
			);
			path = FoundationExtensions;
			sourceTree = "<group>";
		};
		E124ECBE26B7B22F00E7EA55 /* Extensions */ = {
			isa = PBXGroup;
			children = (
				E124ECB626B7ADD000E7EA55 /* FolderExtensions.swift */,
			);
			path = Extensions;
			sourceTree = "<group>";
		};
		E124ECC226B8C13B00E7EA55 /* Details */ = {
			isa = PBXGroup;
			children = (
				E124ECCA26B8C49E00E7EA55 /* DetailsModule.swift */,
				E124ECCD26B8C4A400E7EA55 /* Presentation */,
			);
			path = Details;
			sourceTree = "<group>";
		};
		E124ECCD26B8C4A400E7EA55 /* Presentation */ = {
			isa = PBXGroup;
			children = (
				E124ECC326B8C16900E7EA55 /* DetailsView.swift */,
			);
			path = Presentation;
			sourceTree = "<group>";
		};
/* End PBXGroup section */

/* Begin PBXNativeTarget section */
		E124EC2F26B60F9300E7EA55 /* KMLPlaces (iOS) */ = {
			isa = PBXNativeTarget;
			buildConfigurationList = E124EC5E26B60F9300E7EA55 /* Build configuration list for PBXNativeTarget "KMLPlaces (iOS)" */;
			buildPhases = (
				E124EC2C26B60F9300E7EA55 /* Sources */,
				E124EC8E26B7890600E7EA55 /* Add compiler warnings for TODOs */,
				E124EC2D26B60F9300E7EA55 /* Frameworks */,
				E124EC2E26B60F9300E7EA55 /* Resources */,
			);
			buildRules = (
			);
			dependencies = (
			);
			name = "KMLPlaces (iOS)";
			packageProductDependencies = (
				E124EC9026B789E100E7EA55 /* SWXMLHash */,
			);
			productName = "KMLPlaces (iOS)";
			productReference = E124EC3026B60F9300E7EA55 /* KMLPlaces.app */;
			productType = "com.apple.product-type.application";
		};
		E124EC3726B60F9300E7EA55 /* KMLPlaces (macOS) */ = {
			isa = PBXNativeTarget;
			buildConfigurationList = E124EC6126B60F9300E7EA55 /* Build configuration list for PBXNativeTarget "KMLPlaces (macOS)" */;
			buildPhases = (
				E124EC3426B60F9300E7EA55 /* Sources */,
				E124EC9526B78A0100E7EA55 /* Add compiler warnings for TODOs */,
				E124EC3526B60F9300E7EA55 /* Frameworks */,
				E124EC3626B60F9300E7EA55 /* Resources */,
			);
			buildRules = (
			);
			dependencies = (
			);
			name = "KMLPlaces (macOS)";
			packageProductDependencies = (
				E124EC9326B789F000E7EA55 /* SWXMLHash */,
			);
			productName = "KMLPlaces (macOS)";
			productReference = E124EC3826B60F9300E7EA55 /* KMLPlaces.app */;
			productType = "com.apple.product-type.application";
		};
		E124EC3F26B60F9300E7EA55 /* Tests iOS */ = {
			isa = PBXNativeTarget;
			buildConfigurationList = E124EC6426B60F9300E7EA55 /* Build configuration list for PBXNativeTarget "Tests iOS" */;
			buildPhases = (
				E124EC3C26B60F9300E7EA55 /* Sources */,
				E124EC3D26B60F9300E7EA55 /* Frameworks */,
				E124EC3E26B60F9300E7EA55 /* Resources */,
			);
			buildRules = (
			);
			dependencies = (
				E124EC4226B60F9300E7EA55 /* PBXTargetDependency */,
			);
			name = "Tests iOS";
			productName = "Tests iOS";
			productReference = E124EC4026B60F9300E7EA55 /* Tests iOS.xctest */;
			productType = "com.apple.product-type.bundle.ui-testing";
		};
		E124EC4A26B60F9300E7EA55 /* Tests macOS */ = {
			isa = PBXNativeTarget;
			buildConfigurationList = E124EC6726B60F9300E7EA55 /* Build configuration list for PBXNativeTarget "Tests macOS" */;
			buildPhases = (
				E124EC4726B60F9300E7EA55 /* Sources */,
				E124EC4826B60F9300E7EA55 /* Frameworks */,
				E124EC4926B60F9300E7EA55 /* Resources */,
			);
			buildRules = (
			);
			dependencies = (
				E124EC4D26B60F9300E7EA55 /* PBXTargetDependency */,
			);
			name = "Tests macOS";
			productName = "Tests macOS";
			productReference = E124EC4B26B60F9300E7EA55 /* Tests macOS.xctest */;
			productType = "com.apple.product-type.bundle.ui-testing";
		};
/* End PBXNativeTarget section */

/* Begin PBXProject section */
		E124EC2126B60F9200E7EA55 /* Project object */ = {
			isa = PBXProject;
			attributes = {
				LastSwiftUpdateCheck = 1250;
				LastUpgradeCheck = 1250;
				TargetAttributes = {
					E124EC2F26B60F9300E7EA55 = {
						CreatedOnToolsVersion = 12.5.1;
					};
					E124EC3726B60F9300E7EA55 = {
						CreatedOnToolsVersion = 12.5.1;
					};
					E124EC3F26B60F9300E7EA55 = {
						CreatedOnToolsVersion = 12.5.1;
						TestTargetID = E124EC2F26B60F9300E7EA55;
					};
					E124EC4A26B60F9300E7EA55 = {
						CreatedOnToolsVersion = 12.5.1;
						TestTargetID = E124EC3726B60F9300E7EA55;
					};
				};
			};
			buildConfigurationList = E124EC2426B60F9200E7EA55 /* Build configuration list for PBXProject "KMLPlaces" */;
			compatibilityVersion = "Xcode 9.3";
			developmentRegion = en;
			hasScannedForEncodings = 0;
			knownRegions = (
				en,
				Base,
			);
			mainGroup = E124EC2026B60F9200E7EA55;
			packageReferences = (
				E124EC8F26B789E100E7EA55 /* XCRemoteSwiftPackageReference "SWXMLHash" */,
			);
			productRefGroup = E124EC3126B60F9300E7EA55 /* Products */;
			projectDirPath = "";
			projectRoot = "";
			targets = (
				E124EC2F26B60F9300E7EA55 /* KMLPlaces (iOS) */,
				E124EC3726B60F9300E7EA55 /* KMLPlaces (macOS) */,
				E124EC3F26B60F9300E7EA55 /* Tests iOS */,
				E124EC4A26B60F9300E7EA55 /* Tests macOS */,
			);
		};
/* End PBXProject section */

/* Begin PBXResourcesBuildPhase section */
		E124EC2E26B60F9300E7EA55 /* Resources */ = {
			isa = PBXResourcesBuildPhase;
			buildActionMask = 2147483647;
			files = (
				E124EC5A26B60F9300E7EA55 /* Assets.xcassets in Resources */,
				E124EC6D26B6108600E7EA55 /* Localizable.strings in Resources */,
			);
			runOnlyForDeploymentPostprocessing = 0;
		};
		E124EC3626B60F9300E7EA55 /* Resources */ = {
			isa = PBXResourcesBuildPhase;
			buildActionMask = 2147483647;
			files = (
				E124EC5B26B60F9300E7EA55 /* Assets.xcassets in Resources */,
				E124EC6E26B6108600E7EA55 /* Localizable.strings in Resources */,
			);
			runOnlyForDeploymentPostprocessing = 0;
		};
		E124EC3E26B60F9300E7EA55 /* Resources */ = {
			isa = PBXResourcesBuildPhase;
			buildActionMask = 2147483647;
			files = (
			);
			runOnlyForDeploymentPostprocessing = 0;
		};
		E124EC4926B60F9300E7EA55 /* Resources */ = {
			isa = PBXResourcesBuildPhase;
			buildActionMask = 2147483647;
			files = (
			);
			runOnlyForDeploymentPostprocessing = 0;
		};
/* End PBXResourcesBuildPhase section */

/* Begin PBXShellScriptBuildPhase section */
		E124EC8E26B7890600E7EA55 /* Add compiler warnings for TODOs */ = {
			isa = PBXShellScriptBuildPhase;
			buildActionMask = 2147483647;
			files = (
			);
			inputFileListPaths = (
			);
			inputPaths = (
			);
			name = "Add compiler warnings for TODOs";
			outputFileListPaths = (
			);
			outputPaths = (
			);
			runOnlyForDeploymentPostprocessing = 0;
			shellPath = /bin/sh;
			shellScript = "scripts/add-compiler-warnings-for-TODOs.sh\n";
		};
		E124EC9526B78A0100E7EA55 /* Add compiler warnings for TODOs */ = {
			isa = PBXShellScriptBuildPhase;
			buildActionMask = 2147483647;
			files = (
			);
			inputFileListPaths = (
			);
			inputPaths = (
			);
			name = "Add compiler warnings for TODOs";
			outputFileListPaths = (
			);
			outputPaths = (
			);
			runOnlyForDeploymentPostprocessing = 0;
			shellPath = /bin/sh;
			shellScript = "scripts/add-compiler-warnings-for-TODOs.sh\n";
		};
/* End PBXShellScriptBuildPhase section */

/* Begin PBXSourcesBuildPhase section */
		E124EC2C26B60F9300E7EA55 /* Sources */ = {
			isa = PBXSourcesBuildPhase;
			buildActionMask = 2147483647;
			files = (
				E124EC7F26B7824300E7EA55 /* SettingsView.swift in Sources */,
				E124EC9C26B790E100E7EA55 /* CollectionExtensions.swift in Sources */,
				E124EC9826B78D4A00E7EA55 /* Logger.swift in Sources */,
				E124EC5426B60F9300E7EA55 /* KMLPlacesApp.swift in Sources */,
				E124EC5826B60F9300E7EA55 /* Persistence.swift in Sources */,
				E124EC7B26B6113E00E7EA55 /* ListViewModel.swift in Sources */,
				E124ECB726B7ADD000E7EA55 /* FolderExtensions.swift in Sources */,
				E124ECB126B7A6C700E7EA55 /* ListModule.swift in Sources */,
				E124EC7926B6113E00E7EA55 /* ListView.swift in Sources */,
				E124ECAD26B7A4E400E7EA55 /* SettingsPreviews.swift in Sources */,
				E124ECC026B7B24B00E7EA55 /* NotificationName.swift in Sources */,
				E124EC8926B7871200E7EA55 /* SettingsDocumentPicker.swift in Sources */,
				E124EC5226B60F9300E7EA55 /* KMLPlaces.xcdatamodeld in Sources */,
				E124EC8C26B788C300E7EA55 /* KMLParser.swift in Sources */,
				E124EC7526B6112F00E7EA55 /* RootView.swift in Sources */,
				E124ECB426B7A75500E7EA55 /* ListRepository.swift in Sources */,
				E124ECCF26B8C7EA00E7EA55 /* ListNavigationView.swift in Sources */,
				E124EC9F26B794FC00E7EA55 /* StringExtensions.swift in Sources */,
				E124ECCB26B8C49E00E7EA55 /* DetailsModule.swift in Sources */,
				E124ECC426B8C16900E7EA55 /* DetailsView.swift in Sources */,
				E124ECA626B7A34100E7EA55 /* SettingsModule.swift in Sources */,
				E124EC8626B7868100E7EA55 /* SettingsViewModel.swift in Sources */,
				E124ECBA26B7AE7600E7EA55 /* ListPreviews.swift in Sources */,
				E124ECA926B7A45300E7EA55 /* SettingsRepository.swift in Sources */,
			);
			runOnlyForDeploymentPostprocessing = 0;
		};
		E124EC3426B60F9300E7EA55 /* Sources */ = {
			isa = PBXSourcesBuildPhase;
			buildActionMask = 2147483647;
			files = (
				E124EC8026B7824300E7EA55 /* SettingsView.swift in Sources */,
				E124EC9D26B790E100E7EA55 /* CollectionExtensions.swift in Sources */,
				E124EC9926B78D4A00E7EA55 /* Logger.swift in Sources */,
				E124EC5526B60F9300E7EA55 /* KMLPlacesApp.swift in Sources */,
				E124EC5926B60F9300E7EA55 /* Persistence.swift in Sources */,
				E124EC7C26B6113E00E7EA55 /* ListViewModel.swift in Sources */,
				E124ECB826B7ADD000E7EA55 /* FolderExtensions.swift in Sources */,
				E124ECB226B7A6C700E7EA55 /* ListModule.swift in Sources */,
				E124EC7A26B6113E00E7EA55 /* ListView.swift in Sources */,
				E124ECAE26B7A4E400E7EA55 /* SettingsPreviews.swift in Sources */,
				E124ECC126B7B24B00E7EA55 /* NotificationName.swift in Sources */,
				E124EC8A26B7871200E7EA55 /* SettingsDocumentPicker.swift in Sources */,
				E124EC5326B60F9300E7EA55 /* KMLPlaces.xcdatamodeld in Sources */,
				E124EC8D26B788C300E7EA55 /* KMLParser.swift in Sources */,
				E124EC7626B6112F00E7EA55 /* RootView.swift in Sources */,
				E124ECB526B7A75500E7EA55 /* ListRepository.swift in Sources */,
				E124ECD026B8C7EA00E7EA55 /* ListNavigationView.swift in Sources */,
				E124ECA026B794FC00E7EA55 /* StringExtensions.swift in Sources */,
				E124ECCC26B8C49E00E7EA55 /* DetailsModule.swift in Sources */,
				E124ECC526B8C16900E7EA55 /* DetailsView.swift in Sources */,
				E124ECA726B7A34100E7EA55 /* SettingsModule.swift in Sources */,
				E124EC8726B7868100E7EA55 /* SettingsViewModel.swift in Sources */,
				E124ECBB26B7AE7600E7EA55 /* ListPreviews.swift in Sources */,
				E124ECAA26B7A45300E7EA55 /* SettingsRepository.swift in Sources */,
			);
			runOnlyForDeploymentPostprocessing = 0;
		};
		E124EC3C26B60F9300E7EA55 /* Sources */ = {
			isa = PBXSourcesBuildPhase;
			buildActionMask = 2147483647;
			files = (
				E124EC4526B60F9300E7EA55 /* Tests_iOS.swift in Sources */,
			);
			runOnlyForDeploymentPostprocessing = 0;
		};
		E124EC4726B60F9300E7EA55 /* Sources */ = {
			isa = PBXSourcesBuildPhase;
			buildActionMask = 2147483647;
			files = (
				E124EC5026B60F9300E7EA55 /* Tests_macOS.swift in Sources */,
			);
			runOnlyForDeploymentPostprocessing = 0;
		};
/* End PBXSourcesBuildPhase section */

/* Begin PBXTargetDependency section */
		E124EC4226B60F9300E7EA55 /* PBXTargetDependency */ = {
			isa = PBXTargetDependency;
			target = E124EC2F26B60F9300E7EA55 /* KMLPlaces (iOS) */;
			targetProxy = E124EC4126B60F9300E7EA55 /* PBXContainerItemProxy */;
		};
		E124EC4D26B60F9300E7EA55 /* PBXTargetDependency */ = {
			isa = PBXTargetDependency;
			target = E124EC3726B60F9300E7EA55 /* KMLPlaces (macOS) */;
			targetProxy = E124EC4C26B60F9300E7EA55 /* PBXContainerItemProxy */;
		};
/* End PBXTargetDependency section */

/* Begin XCBuildConfiguration section */
		E124EC5C26B60F9300E7EA55 /* Debug */ = {
			isa = XCBuildConfiguration;
			buildSettings = {
				ALWAYS_SEARCH_USER_PATHS = NO;
				CLANG_ANALYZER_NONNULL = YES;
				CLANG_ANALYZER_NUMBER_OBJECT_CONVERSION = YES_AGGRESSIVE;
				CLANG_CXX_LANGUAGE_STANDARD = "gnu++14";
				CLANG_CXX_LIBRARY = "libc++";
				CLANG_ENABLE_MODULES = YES;
				CLANG_ENABLE_OBJC_ARC = YES;
				CLANG_ENABLE_OBJC_WEAK = YES;
				CLANG_WARN_BLOCK_CAPTURE_AUTORELEASING = YES;
				CLANG_WARN_BOOL_CONVERSION = YES;
				CLANG_WARN_COMMA = YES;
				CLANG_WARN_CONSTANT_CONVERSION = YES;
				CLANG_WARN_DEPRECATED_OBJC_IMPLEMENTATIONS = YES;
				CLANG_WARN_DIRECT_OBJC_ISA_USAGE = YES_ERROR;
				CLANG_WARN_DOCUMENTATION_COMMENTS = YES;
				CLANG_WARN_EMPTY_BODY = YES;
				CLANG_WARN_ENUM_CONVERSION = YES;
				CLANG_WARN_INFINITE_RECURSION = YES;
				CLANG_WARN_INT_CONVERSION = YES;
				CLANG_WARN_NON_LITERAL_NULL_CONVERSION = YES;
				CLANG_WARN_OBJC_IMPLICIT_RETAIN_SELF = YES;
				CLANG_WARN_OBJC_LITERAL_CONVERSION = YES;
				CLANG_WARN_OBJC_ROOT_CLASS = YES_ERROR;
				CLANG_WARN_QUOTED_INCLUDE_IN_FRAMEWORK_HEADER = YES;
				CLANG_WARN_RANGE_LOOP_ANALYSIS = YES;
				CLANG_WARN_STRICT_PROTOTYPES = YES;
				CLANG_WARN_SUSPICIOUS_MOVE = YES;
				CLANG_WARN_UNGUARDED_AVAILABILITY = YES_AGGRESSIVE;
				CLANG_WARN_UNREACHABLE_CODE = YES;
				CLANG_WARN__DUPLICATE_METHOD_MATCH = YES;
				COPY_PHASE_STRIP = NO;
				DEBUG_INFORMATION_FORMAT = dwarf;
				ENABLE_STRICT_OBJC_MSGSEND = YES;
				ENABLE_TESTABILITY = YES;
				GCC_C_LANGUAGE_STANDARD = gnu11;
				GCC_DYNAMIC_NO_PIC = NO;
				GCC_NO_COMMON_BLOCKS = YES;
				GCC_OPTIMIZATION_LEVEL = 0;
				GCC_PREPROCESSOR_DEFINITIONS = (
					"DEBUG=1",
					"$(inherited)",
				);
				GCC_WARN_64_TO_32_BIT_CONVERSION = YES;
				GCC_WARN_ABOUT_RETURN_TYPE = YES_ERROR;
				GCC_WARN_UNDECLARED_SELECTOR = YES;
				GCC_WARN_UNINITIALIZED_AUTOS = YES_AGGRESSIVE;
				GCC_WARN_UNUSED_FUNCTION = YES;
				GCC_WARN_UNUSED_VARIABLE = YES;
				MTL_ENABLE_DEBUG_INFO = INCLUDE_SOURCE;
				MTL_FAST_MATH = YES;
				ONLY_ACTIVE_ARCH = YES;
				OTHER_SWIFT_FLAGS = "-D DEBUG";
				SWIFT_ACTIVE_COMPILATION_CONDITIONS = DEBUG;
				SWIFT_OPTIMIZATION_LEVEL = "-Onone";
			};
			name = Debug;
		};
		E124EC5D26B60F9300E7EA55 /* Release */ = {
			isa = XCBuildConfiguration;
			buildSettings = {
				ALWAYS_SEARCH_USER_PATHS = NO;
				CLANG_ANALYZER_NONNULL = YES;
				CLANG_ANALYZER_NUMBER_OBJECT_CONVERSION = YES_AGGRESSIVE;
				CLANG_CXX_LANGUAGE_STANDARD = "gnu++14";
				CLANG_CXX_LIBRARY = "libc++";
				CLANG_ENABLE_MODULES = YES;
				CLANG_ENABLE_OBJC_ARC = YES;
				CLANG_ENABLE_OBJC_WEAK = YES;
				CLANG_WARN_BLOCK_CAPTURE_AUTORELEASING = YES;
				CLANG_WARN_BOOL_CONVERSION = YES;
				CLANG_WARN_COMMA = YES;
				CLANG_WARN_CONSTANT_CONVERSION = YES;
				CLANG_WARN_DEPRECATED_OBJC_IMPLEMENTATIONS = YES;
				CLANG_WARN_DIRECT_OBJC_ISA_USAGE = YES_ERROR;
				CLANG_WARN_DOCUMENTATION_COMMENTS = YES;
				CLANG_WARN_EMPTY_BODY = YES;
				CLANG_WARN_ENUM_CONVERSION = YES;
				CLANG_WARN_INFINITE_RECURSION = YES;
				CLANG_WARN_INT_CONVERSION = YES;
				CLANG_WARN_NON_LITERAL_NULL_CONVERSION = YES;
				CLANG_WARN_OBJC_IMPLICIT_RETAIN_SELF = YES;
				CLANG_WARN_OBJC_LITERAL_CONVERSION = YES;
				CLANG_WARN_OBJC_ROOT_CLASS = YES_ERROR;
				CLANG_WARN_QUOTED_INCLUDE_IN_FRAMEWORK_HEADER = YES;
				CLANG_WARN_RANGE_LOOP_ANALYSIS = YES;
				CLANG_WARN_STRICT_PROTOTYPES = YES;
				CLANG_WARN_SUSPICIOUS_MOVE = YES;
				CLANG_WARN_UNGUARDED_AVAILABILITY = YES_AGGRESSIVE;
				CLANG_WARN_UNREACHABLE_CODE = YES;
				CLANG_WARN__DUPLICATE_METHOD_MATCH = YES;
				COPY_PHASE_STRIP = NO;
				DEBUG_INFORMATION_FORMAT = "dwarf-with-dsym";
				ENABLE_NS_ASSERTIONS = NO;
				ENABLE_STRICT_OBJC_MSGSEND = YES;
				GCC_C_LANGUAGE_STANDARD = gnu11;
				GCC_NO_COMMON_BLOCKS = YES;
				GCC_WARN_64_TO_32_BIT_CONVERSION = YES;
				GCC_WARN_ABOUT_RETURN_TYPE = YES_ERROR;
				GCC_WARN_UNDECLARED_SELECTOR = YES;
				GCC_WARN_UNINITIALIZED_AUTOS = YES_AGGRESSIVE;
				GCC_WARN_UNUSED_FUNCTION = YES;
				GCC_WARN_UNUSED_VARIABLE = YES;
				MTL_ENABLE_DEBUG_INFO = NO;
				MTL_FAST_MATH = YES;
				OTHER_SWIFT_FLAGS = "";
				SWIFT_COMPILATION_MODE = wholemodule;
				SWIFT_OPTIMIZATION_LEVEL = "-O";
			};
			name = Release;
		};
		E124EC5F26B60F9300E7EA55 /* Debug */ = {
			isa = XCBuildConfiguration;
			buildSettings = {
				ASSETCATALOG_COMPILER_APPICON_NAME = AppIcon;
				ASSETCATALOG_COMPILER_GLOBAL_ACCENT_COLOR_NAME = AccentColor;
				CODE_SIGN_STYLE = Automatic;
				DEVELOPMENT_TEAM = W23Z7PC8J5;
				ENABLE_PREVIEWS = YES;
				INFOPLIST_FILE = iOS/Info.plist;
				IPHONEOS_DEPLOYMENT_TARGET = 14.0;
				LD_RUNPATH_SEARCH_PATHS = (
					"$(inherited)",
					"@executable_path/Frameworks",
				);
				PRODUCT_BUNDLE_IDENTIFIER = com.glenb.KMLPlaces;
				PRODUCT_NAME = KMLPlaces;
				SDKROOT = iphoneos;
				SWIFT_VERSION = 5.0;
				TARGETED_DEVICE_FAMILY = "1,2";
			};
			name = Debug;
		};
		E124EC6026B60F9300E7EA55 /* Release */ = {
			isa = XCBuildConfiguration;
			buildSettings = {
				ASSETCATALOG_COMPILER_APPICON_NAME = AppIcon;
				ASSETCATALOG_COMPILER_GLOBAL_ACCENT_COLOR_NAME = AccentColor;
				CODE_SIGN_STYLE = Automatic;
				DEVELOPMENT_TEAM = W23Z7PC8J5;
				ENABLE_PREVIEWS = YES;
				INFOPLIST_FILE = iOS/Info.plist;
				IPHONEOS_DEPLOYMENT_TARGET = 14.0;
				LD_RUNPATH_SEARCH_PATHS = (
					"$(inherited)",
					"@executable_path/Frameworks",
				);
				PRODUCT_BUNDLE_IDENTIFIER = com.glenb.KMLPlaces;
				PRODUCT_NAME = KMLPlaces;
				SDKROOT = iphoneos;
				SWIFT_VERSION = 5.0;
				TARGETED_DEVICE_FAMILY = "1,2";
				VALIDATE_PRODUCT = YES;
			};
			name = Release;
		};
		E124EC6226B60F9300E7EA55 /* Debug */ = {
			isa = XCBuildConfiguration;
			buildSettings = {
				ASSETCATALOG_COMPILER_APPICON_NAME = AppIcon;
				ASSETCATALOG_COMPILER_GLOBAL_ACCENT_COLOR_NAME = AccentColor;
				CODE_SIGN_ENTITLEMENTS = macOS/macOS.entitlements;
				CODE_SIGN_STYLE = Automatic;
				COMBINE_HIDPI_IMAGES = YES;
				ENABLE_PREVIEWS = YES;
				INFOPLIST_FILE = macOS/Info.plist;
				LD_RUNPATH_SEARCH_PATHS = (
					"$(inherited)",
					"@executable_path/../Frameworks",
				);
				MACOSX_DEPLOYMENT_TARGET = 11.0;
				PRODUCT_BUNDLE_IDENTIFIER = com.glenb.KMLPlaces;
				PRODUCT_NAME = KMLPlaces;
				SDKROOT = macosx;
				SWIFT_VERSION = 5.0;
			};
			name = Debug;
		};
		E124EC6326B60F9300E7EA55 /* Release */ = {
			isa = XCBuildConfiguration;
			buildSettings = {
				ASSETCATALOG_COMPILER_APPICON_NAME = AppIcon;
				ASSETCATALOG_COMPILER_GLOBAL_ACCENT_COLOR_NAME = AccentColor;
				CODE_SIGN_ENTITLEMENTS = macOS/macOS.entitlements;
				CODE_SIGN_STYLE = Automatic;
				COMBINE_HIDPI_IMAGES = YES;
				ENABLE_PREVIEWS = YES;
				INFOPLIST_FILE = macOS/Info.plist;
				LD_RUNPATH_SEARCH_PATHS = (
					"$(inherited)",
					"@executable_path/../Frameworks",
				);
				MACOSX_DEPLOYMENT_TARGET = 11.0;
				PRODUCT_BUNDLE_IDENTIFIER = com.glenb.KMLPlaces;
				PRODUCT_NAME = KMLPlaces;
				SDKROOT = macosx;
				SWIFT_VERSION = 5.0;
			};
			name = Release;
		};
		E124EC6526B60F9300E7EA55 /* Debug */ = {
			isa = XCBuildConfiguration;
			buildSettings = {
				ALWAYS_EMBED_SWIFT_STANDARD_LIBRARIES = YES;
				CODE_SIGN_STYLE = Automatic;
				INFOPLIST_FILE = "Tests iOS/Info.plist";
				IPHONEOS_DEPLOYMENT_TARGET = 14.5;
				LD_RUNPATH_SEARCH_PATHS = (
					"$(inherited)",
					"@executable_path/Frameworks",
					"@loader_path/Frameworks",
				);
				PRODUCT_BUNDLE_IDENTIFIER = "com.glenb.Tests-iOS";
				PRODUCT_NAME = "$(TARGET_NAME)";
				SDKROOT = iphoneos;
				SWIFT_VERSION = 5.0;
				TARGETED_DEVICE_FAMILY = "1,2";
				TEST_TARGET_NAME = "KMLPlaces (iOS)";
			};
			name = Debug;
		};
		E124EC6626B60F9300E7EA55 /* Release */ = {
			isa = XCBuildConfiguration;
			buildSettings = {
				ALWAYS_EMBED_SWIFT_STANDARD_LIBRARIES = YES;
				CODE_SIGN_STYLE = Automatic;
				INFOPLIST_FILE = "Tests iOS/Info.plist";
				IPHONEOS_DEPLOYMENT_TARGET = 14.5;
				LD_RUNPATH_SEARCH_PATHS = (
					"$(inherited)",
					"@executable_path/Frameworks",
					"@loader_path/Frameworks",
				);
				PRODUCT_BUNDLE_IDENTIFIER = "com.glenb.Tests-iOS";
				PRODUCT_NAME = "$(TARGET_NAME)";
				SDKROOT = iphoneos;
				SWIFT_VERSION = 5.0;
				TARGETED_DEVICE_FAMILY = "1,2";
				TEST_TARGET_NAME = "KMLPlaces (iOS)";
				VALIDATE_PRODUCT = YES;
			};
			name = Release;
		};
		E124EC6826B60F9300E7EA55 /* Debug */ = {
			isa = XCBuildConfiguration;
			buildSettings = {
				ALWAYS_EMBED_SWIFT_STANDARD_LIBRARIES = YES;
				CODE_SIGN_STYLE = Automatic;
				COMBINE_HIDPI_IMAGES = YES;
				INFOPLIST_FILE = "Tests macOS/Info.plist";
				LD_RUNPATH_SEARCH_PATHS = (
					"$(inherited)",
					"@executable_path/../Frameworks",
					"@loader_path/../Frameworks",
				);
				MACOSX_DEPLOYMENT_TARGET = 11.3;
				PRODUCT_BUNDLE_IDENTIFIER = "com.glenb.Tests-macOS";
				PRODUCT_NAME = "$(TARGET_NAME)";
				SDKROOT = macosx;
				SWIFT_VERSION = 5.0;
				TEST_TARGET_NAME = "KMLPlaces (macOS)";
			};
			name = Debug;
		};
		E124EC6926B60F9300E7EA55 /* Release */ = {
			isa = XCBuildConfiguration;
			buildSettings = {
				ALWAYS_EMBED_SWIFT_STANDARD_LIBRARIES = YES;
				CODE_SIGN_STYLE = Automatic;
				COMBINE_HIDPI_IMAGES = YES;
				INFOPLIST_FILE = "Tests macOS/Info.plist";
				LD_RUNPATH_SEARCH_PATHS = (
					"$(inherited)",
					"@executable_path/../Frameworks",
					"@loader_path/../Frameworks",
				);
				MACOSX_DEPLOYMENT_TARGET = 11.3;
				PRODUCT_BUNDLE_IDENTIFIER = "com.glenb.Tests-macOS";
				PRODUCT_NAME = "$(TARGET_NAME)";
				SDKROOT = macosx;
				SWIFT_VERSION = 5.0;
				TEST_TARGET_NAME = "KMLPlaces (macOS)";
			};
			name = Release;
		};
/* End XCBuildConfiguration section */

/* Begin XCConfigurationList section */
		E124EC2426B60F9200E7EA55 /* Build configuration list for PBXProject "KMLPlaces" */ = {
			isa = XCConfigurationList;
			buildConfigurations = (
				E124EC5C26B60F9300E7EA55 /* Debug */,
				E124EC5D26B60F9300E7EA55 /* Release */,
			);
			defaultConfigurationIsVisible = 0;
			defaultConfigurationName = Release;
		};
		E124EC5E26B60F9300E7EA55 /* Build configuration list for PBXNativeTarget "KMLPlaces (iOS)" */ = {
			isa = XCConfigurationList;
			buildConfigurations = (
				E124EC5F26B60F9300E7EA55 /* Debug */,
				E124EC6026B60F9300E7EA55 /* Release */,
			);
			defaultConfigurationIsVisible = 0;
			defaultConfigurationName = Release;
		};
		E124EC6126B60F9300E7EA55 /* Build configuration list for PBXNativeTarget "KMLPlaces (macOS)" */ = {
			isa = XCConfigurationList;
			buildConfigurations = (
				E124EC6226B60F9300E7EA55 /* Debug */,
				E124EC6326B60F9300E7EA55 /* Release */,
			);
			defaultConfigurationIsVisible = 0;
			defaultConfigurationName = Release;
		};
		E124EC6426B60F9300E7EA55 /* Build configuration list for PBXNativeTarget "Tests iOS" */ = {
			isa = XCConfigurationList;
			buildConfigurations = (
				E124EC6526B60F9300E7EA55 /* Debug */,
				E124EC6626B60F9300E7EA55 /* Release */,
			);
			defaultConfigurationIsVisible = 0;
			defaultConfigurationName = Release;
		};
		E124EC6726B60F9300E7EA55 /* Build configuration list for PBXNativeTarget "Tests macOS" */ = {
			isa = XCConfigurationList;
			buildConfigurations = (
				E124EC6826B60F9300E7EA55 /* Debug */,
				E124EC6926B60F9300E7EA55 /* Release */,
			);
			defaultConfigurationIsVisible = 0;
			defaultConfigurationName = Release;
		};
/* End XCConfigurationList section */

/* Begin XCRemoteSwiftPackageReference section */
		E124EC8F26B789E100E7EA55 /* XCRemoteSwiftPackageReference "SWXMLHash" */ = {
			isa = XCRemoteSwiftPackageReference;
			repositoryURL = "https://github.com/drmohundro/SWXMLHash.git";
			requirement = {
				kind = upToNextMajorVersion;
				minimumVersion = 5.0.2;
			};
		};
/* End XCRemoteSwiftPackageReference section */

/* Begin XCSwiftPackageProductDependency section */
		E124EC9026B789E100E7EA55 /* SWXMLHash */ = {
			isa = XCSwiftPackageProductDependency;
			package = E124EC8F26B789E100E7EA55 /* XCRemoteSwiftPackageReference "SWXMLHash" */;
			productName = SWXMLHash;
		};
		E124EC9326B789F000E7EA55 /* SWXMLHash */ = {
			isa = XCSwiftPackageProductDependency;
			package = E124EC8F26B789E100E7EA55 /* XCRemoteSwiftPackageReference "SWXMLHash" */;
			productName = SWXMLHash;
		};
/* End XCSwiftPackageProductDependency section */

/* Begin XCVersionGroup section */
		E124EC2626B60F9200E7EA55 /* KMLPlaces.xcdatamodeld */ = {
			isa = XCVersionGroup;
			children = (
				E124ECBC26B7B15900E7EA55 /* Shared3.xcdatamodel */,
				E124ECA126B79BCD00E7EA55 /* Shared2.xcdatamodel */,
				E124EC2726B60F9200E7EA55 /* Shared.xcdatamodel */,
			);
			currentVersion = E124ECBC26B7B15900E7EA55 /* Shared3.xcdatamodel */;
			path = KMLPlaces.xcdatamodeld;
			sourceTree = "<group>";
			versionGroupType = wrapper.xcdatamodel;
		};
/* End XCVersionGroup section */
	};
	rootObject = E124EC2126B60F9200E7EA55 /* Project object */;
}
