// !$*UTF8*$!
{
	archiveVersion = 1;
	classes = {
	};
	objectVersion = 70;
	objects = {

/* Begin PBXBuildFile section */
		7E0117982FDA116600698CE9 /* LineString.swift in Sources */ = {isa = PBXBuildFile; fileRef = 7E0117912FDA116600698CE9 /* LineString.swift */; };
		7E0117992FDA116600698CE9 /* Point.swift in Sources */ = {isa = PBXBuildFile; fileRef = 7E0117932FDA116600698CE9 /* Point.swift */; };
		7E01179A2FDA116600698CE9 /* Polygon.swift in Sources */ = {isa = PBXBuildFile; fileRef = 7E0117942FDA116600698CE9 /* Polygon.swift */; };
		7E01179B2FDA116600698CE9 /* Placemark.swift in Sources */ = {isa = PBXBuildFile; fileRef = 7E0117922FDA116600698CE9 /* Placemark.swift */; };
		7E01179C2FDA116600698CE9 /* Folder.swift in Sources */ = {isa = PBXBuildFile; fileRef = 7E0117902FDA116600698CE9 /* Folder.swift */; };
		7E01179D2FDA116600698CE9 /* StyleMap.swift in Sources */ = {isa = PBXBuildFile; fileRef = 7E0117962FDA116600698CE9 /* StyleMap.swift */; };
		7E01179E2FDA116600698CE9 /* Style.swift in Sources */ = {isa = PBXBuildFile; fileRef = 7E0117952FDA116600698CE9 /* Style.swift */; };
		7EC60BAB2F8DE60E006E1B68 /* Test.kml in Sources */ = {isa = PBXBuildFile; fileRef = 7EC60BAA2F8DE601006E1B68 /* Test.kml */; };
		7EC60BAD2F8DEADC006E1B68 /* Test.kml in Resources */ = {isa = PBXBuildFile; fileRef = 7EC60BAA2F8DE601006E1B68 /* Test.kml */; };
		7EE694FD2F9C16FA007E1A07 /* ListNavigationViewModel.swift in Sources */ = {isa = PBXBuildFile; fileRef = 7EE694FC2F9C16F2007E1A07 /* ListNavigationViewModel.swift */; };
		7EE695032F9C17AE007E1A07 /* ListNavigationModule.swift in Sources */ = {isa = PBXBuildFile; fileRef = 7EE695012F9C17AA007E1A07 /* ListNavigationModule.swift */; };
		7EE695062F9C1AD3007E1A07 /* ListNavigationPreviews.swift in Sources */ = {isa = PBXBuildFile; fileRef = 7EE695042F9C1AD0007E1A07 /* ListNavigationPreviews.swift */; };
		7EE695082F9C2613007E1A07 /* ListItem.swift in Sources */ = {isa = PBXBuildFile; fileRef = 7EE695072F9C2611007E1A07 /* ListItem.swift */; };
		7EE6950C2F9C26B3007E1A07 /* RootModule.swift in Sources */ = {isa = PBXBuildFile; fileRef = 7EE6950B2F9C26B1007E1A07 /* RootModule.swift */; };
		7EE695102F9C26CF007E1A07 /* RootViewModel.swift in Sources */ = {isa = PBXBuildFile; fileRef = 7EE6950E2F9C26CD007E1A07 /* RootViewModel.swift */; };
		7EE695152FA40B06007E1A07 /* MapKitExtensions.swift in Sources */ = {isa = PBXBuildFile; fileRef = 7EE695142FA40B03007E1A07 /* MapKitExtensions.swift */; };
		7EE695292FAABDB8007E1A07 /* Localizable.xcstrings in Resources */ = {isa = PBXBuildFile; fileRef = 7EE695272FAABDB8007E1A07 /* Localizable.xcstrings */; };
		E124EC5226B60F9300E7EA55 /* KMLPlaces.xcdatamodeld in Sources */ = {isa = PBXBuildFile; fileRef = E124EC2626B60F9200E7EA55 /* KMLPlaces.xcdatamodeld */; };
		E124EC5426B60F9300E7EA55 /* KMLPlacesApp.swift in Sources */ = {isa = PBXBuildFile; fileRef = E124EC2826B60F9200E7EA55 /* KMLPlacesApp.swift */; };
		E124EC5826B60F9300E7EA55 /* Persistence.swift in Sources */ = {isa = PBXBuildFile; fileRef = E124EC2A26B60F9200E7EA55 /* Persistence.swift */; };
		E124EC5A26B60F9300E7EA55 /* Assets.xcassets in Resources */ = {isa = PBXBuildFile; fileRef = E124EC2B26B60F9300E7EA55 /* Assets.xcassets */; };
		E124EC7526B6112F00E7EA55 /* RootView.swift in Sources */ = {isa = PBXBuildFile; fileRef = E124EC7226B6112F00E7EA55 /* RootView.swift */; };
		E124EC7926B6113E00E7EA55 /* ListView.swift in Sources */ = {isa = PBXBuildFile; fileRef = E124EC7726B6113E00E7EA55 /* ListView.swift */; };
		E124EC7B26B6113E00E7EA55 /* ListViewModel.swift in Sources */ = {isa = PBXBuildFile; fileRef = E124EC7826B6113E00E7EA55 /* ListViewModel.swift */; };
		E124EC7F26B7824300E7EA55 /* SettingsView.swift in Sources */ = {isa = PBXBuildFile; fileRef = E124EC7E26B7824300E7EA55 /* SettingsView.swift */; };
		E124EC8626B7868100E7EA55 /* SettingsViewModel.swift in Sources */ = {isa = PBXBuildFile; fileRef = E124EC8526B7868100E7EA55 /* SettingsViewModel.swift */; };
		E124EC8926B7871200E7EA55 /* SettingsDocumentPicker.swift in Sources */ = {isa = PBXBuildFile; fileRef = E124EC8826B7871200E7EA55 /* SettingsDocumentPicker.swift */; };
		E124EC9126B789E100E7EA55 /* SWXMLHash in Frameworks */ = {isa = PBXBuildFile; productRef = E124EC9026B789E100E7EA55 /* SWXMLHash */; };
		E124EC9826B78D4A00E7EA55 /* Logger.swift in Sources */ = {isa = PBXBuildFile; fileRef = E124EC9726B78D4A00E7EA55 /* Logger.swift */; };
		E124EC9C26B790E100E7EA55 /* FoundationExtensions.swift in Sources */ = {isa = PBXBuildFile; fileRef = E124EC9B26B790E100E7EA55 /* FoundationExtensions.swift */; };
		E124ECA626B7A34100E7EA55 /* SettingsModule.swift in Sources */ = {isa = PBXBuildFile; fileRef = E124ECA526B7A34100E7EA55 /* SettingsModule.swift */; };
		E124ECA926B7A45300E7EA55 /* SettingsRepository.swift in Sources */ = {isa = PBXBuildFile; fileRef = E124ECA826B7A45300E7EA55 /* SettingsRepository.swift */; };
		E124ECAD26B7A4E400E7EA55 /* SettingsPreviews.swift in Sources */ = {isa = PBXBuildFile; fileRef = E124ECAC26B7A4E400E7EA55 /* SettingsPreviews.swift */; };
		E124ECB126B7A6C700E7EA55 /* ListModule.swift in Sources */ = {isa = PBXBuildFile; fileRef = E124ECB026B7A6C700E7EA55 /* ListModule.swift */; };
		E124ECB426B7A75500E7EA55 /* ListNavigationRepository.swift in Sources */ = {isa = PBXBuildFile; fileRef = E124ECB326B7A75500E7EA55 /* ListNavigationRepository.swift */; };
		E124ECB726B7ADD000E7EA55 /* CoreDataExtensions.swift in Sources */ = {isa = PBXBuildFile; fileRef = E124ECB626B7ADD000E7EA55 /* CoreDataExtensions.swift */; };
		E124ECBA26B7AE7600E7EA55 /* ListPreviews.swift in Sources */ = {isa = PBXBuildFile; fileRef = E124ECB926B7AE7600E7EA55 /* ListPreviews.swift */; };
		E124ECC026B7B24B00E7EA55 /* NotificationName.swift in Sources */ = {isa = PBXBuildFile; fileRef = E124ECBF26B7B24B00E7EA55 /* NotificationName.swift */; };
		E124ECC426B8C16900E7EA55 /* DetailsView.swift in Sources */ = {isa = PBXBuildFile; fileRef = E124ECC326B8C16900E7EA55 /* DetailsView.swift */; };
		E124ECCB26B8C49E00E7EA55 /* DetailsModule.swift in Sources */ = {isa = PBXBuildFile; fileRef = E124ECCA26B8C49E00E7EA55 /* DetailsModule.swift */; };
		E124ECCF26B8C7EA00E7EA55 /* ListNavigationView.swift in Sources */ = {isa = PBXBuildFile; fileRef = E124ECCE26B8C7EA00E7EA55 /* ListNavigationView.swift */; };
		E125A62A26F54DE60078CBC0 /* StyleManager.swift in Sources */ = {isa = PBXBuildFile; fileRef = E125A62926F54DE60078CBC0 /* StyleManager.swift */; };
		E125A62D26F550550078CBC0 /* KMLPlacesAppDelegate.swift in Sources */ = {isa = PBXBuildFile; fileRef = E125A62C26F550550078CBC0 /* KMLPlacesAppDelegate.swift */; };
		E12999C826F12DEE009DC840 /* MapModule.swift in Sources */ = {isa = PBXBuildFile; fileRef = E12999C726F12DEE009DC840 /* MapModule.swift */; };
		E12999CC26F12E8D009DC840 /* MapView.swift in Sources */ = {isa = PBXBuildFile; fileRef = E12999CB26F12E8D009DC840 /* MapView.swift */; };
		E12999CF26F12F44009DC840 /* MapViewModel.swift in Sources */ = {isa = PBXBuildFile; fileRef = E12999CE26F12F44009DC840 /* MapViewModel.swift */; };
		E12999D226F130CC009DC840 /* MapPreviews.swift in Sources */ = {isa = PBXBuildFile; fileRef = E12999D126F130CC009DC840 /* MapPreviews.swift */; };
		E12999D926F1381D009DC840 /* MapRepository.swift in Sources */ = {isa = PBXBuildFile; fileRef = E12999D826F1381D009DC840 /* MapRepository.swift */; };
		E12DB8FD26F8D7B4001DDDF3 /* SDWebImageSwiftUI in Frameworks */ = {isa = PBXBuildFile; productRef = E12DB8FC26F8D7B4001DDDF3 /* SDWebImageSwiftUI */; };
		E1748CA22707D95C00E30EBD /* SwiftUIExtensions.swift in Sources */ = {isa = PBXBuildFile; fileRef = E1748CA12707D95C00E30EBD /* SwiftUIExtensions.swift */; };
		E19D30AF26D8764200AC3B95 /* DetailsViewModel.swift in Sources */ = {isa = PBXBuildFile; fileRef = E19D30AE26D8764200AC3B95 /* DetailsViewModel.swift */; };
		E19D30B226D8783A00AC3B95 /* CoreLocationExtensions.swift in Sources */ = {isa = PBXBuildFile; fileRef = E19D30B126D8783A00AC3B95 /* CoreLocationExtensions.swift */; };
		E19D30B526D87A6500AC3B95 /* DetailsPreviews.swift in Sources */ = {isa = PBXBuildFile; fileRef = E19D30B426D87A6500AC3B95 /* DetailsPreviews.swift */; };
/* End PBXBuildFile section */

/* Begin PBXContainerItemProxy section */
		7E68FA532FBBEE9D00A18756 /* PBXContainerItemProxy */ = {
			isa = PBXContainerItemProxy;
			containerPortal = E124EC2126B60F9200E7EA55 /* Project object */;
			proxyType = 1;
			remoteGlobalIDString = E124EC2F26B60F9300E7EA55;
			remoteInfo = KMLPlaces;
		};
		7E68FA722FBBF0D000A18756 /* PBXContainerItemProxy */ = {
			isa = PBXContainerItemProxy;
			containerPortal = E124EC2126B60F9200E7EA55 /* Project object */;
			proxyType = 1;
			remoteGlobalIDString = E124EC2F26B60F9300E7EA55;
			remoteInfo = KMLPlaces;
		};
/* End PBXContainerItemProxy section */

/* Begin PBXFileReference section */
		7E0117902FDA116600698CE9 /* Folder.swift */ = {isa = PBXFileReference; lastKnownFileType = sourcecode.swift; path = Folder.swift; sourceTree = "<group>"; };
		7E0117912FDA116600698CE9 /* LineString.swift */ = {isa = PBXFileReference; lastKnownFileType = sourcecode.swift; path = LineString.swift; sourceTree = "<group>"; };
		7E0117922FDA116600698CE9 /* Placemark.swift */ = {isa = PBXFileReference; lastKnownFileType = sourcecode.swift; path = Placemark.swift; sourceTree = "<group>"; };
		7E0117932FDA116600698CE9 /* Point.swift */ = {isa = PBXFileReference; lastKnownFileType = sourcecode.swift; path = Point.swift; sourceTree = "<group>"; };
		7E0117942FDA116600698CE9 /* Polygon.swift */ = {isa = PBXFileReference; lastKnownFileType = sourcecode.swift; path = Polygon.swift; sourceTree = "<group>"; };
		7E0117952FDA116600698CE9 /* Style.swift */ = {isa = PBXFileReference; lastKnownFileType = sourcecode.swift; path = Style.swift; sourceTree = "<group>"; };
		7E0117962FDA116600698CE9 /* StyleMap.swift */ = {isa = PBXFileReference; lastKnownFileType = sourcecode.swift; path = StyleMap.swift; sourceTree = "<group>"; };
		7E68FA4F2FBBEE9D00A18756 /* KMLPlacesTests.xctest */ = {isa = PBXFileReference; explicitFileType = wrapper.cfbundle; includeInIndex = 0; path = KMLPlacesTests.xctest; sourceTree = BUILT_PRODUCTS_DIR; };
		7E68FA692FBBF0C500A18756 /* KMLPlacesUITests.xctest */ = {isa = PBXFileReference; explicitFileType = wrapper.cfbundle; includeInIndex = 0; path = KMLPlacesUITests.xctest; sourceTree = BUILT_PRODUCTS_DIR; };
		7EC60BAA2F8DE601006E1B68 /* Test.kml */ = {isa = PBXFileReference; explicitFileType = text.xml; path = Test.kml; sourceTree = "<group>"; };
		7EE694F72F9447DA007E1A07 /* Shared5.xcdatamodel */ = {isa = PBXFileReference; lastKnownFileType = wrapper.xcdatamodel; path = Shared5.xcdatamodel; sourceTree = "<group>"; };
		7EE694FC2F9C16F2007E1A07 /* ListNavigationViewModel.swift */ = {isa = PBXFileReference; lastKnownFileType = sourcecode.swift; path = ListNavigationViewModel.swift; sourceTree = "<group>"; };
		7EE695012F9C17AA007E1A07 /* ListNavigationModule.swift */ = {isa = PBXFileReference; lastKnownFileType = sourcecode.swift; path = ListNavigationModule.swift; sourceTree = "<group>"; };
		7EE695042F9C1AD0007E1A07 /* ListNavigationPreviews.swift */ = {isa = PBXFileReference; lastKnownFileType = sourcecode.swift; path = ListNavigationPreviews.swift; sourceTree = "<group>"; };
		7EE695072F9C2611007E1A07 /* ListItem.swift */ = {isa = PBXFileReference; lastKnownFileType = sourcecode.swift; path = ListItem.swift; sourceTree = "<group>"; };
		7EE6950B2F9C26B1007E1A07 /* RootModule.swift */ = {isa = PBXFileReference; lastKnownFileType = sourcecode.swift; path = RootModule.swift; sourceTree = "<group>"; };
		7EE6950E2F9C26CD007E1A07 /* RootViewModel.swift */ = {isa = PBXFileReference; lastKnownFileType = sourcecode.swift; path = RootViewModel.swift; sourceTree = "<group>"; };
		7EE695142FA40B03007E1A07 /* MapKitExtensions.swift */ = {isa = PBXFileReference; lastKnownFileType = sourcecode.swift; path = MapKitExtensions.swift; sourceTree = "<group>"; };
		7EE6951D2FA8361B007E1A07 /* Shared6.xcdatamodel */ = {isa = PBXFileReference; lastKnownFileType = wrapper.xcdatamodel; path = Shared6.xcdatamodel; sourceTree = "<group>"; };
		7EE695272FAABDB8007E1A07 /* Localizable.xcstrings */ = {isa = PBXFileReference; lastKnownFileType = text.json.xcstrings; path = Localizable.xcstrings; sourceTree = "<group>"; };
		E124EC2726B60F9200E7EA55 /* Shared.xcdatamodel */ = {isa = PBXFileReference; lastKnownFileType = wrapper.xcdatamodel; path = Shared.xcdatamodel; sourceTree = "<group>"; };
		E124EC2826B60F9200E7EA55 /* KMLPlacesApp.swift */ = {isa = PBXFileReference; lastKnownFileType = sourcecode.swift; path = KMLPlacesApp.swift; sourceTree = "<group>"; };
		E124EC2A26B60F9200E7EA55 /* Persistence.swift */ = {isa = PBXFileReference; lastKnownFileType = sourcecode.swift; path = Persistence.swift; sourceTree = "<group>"; };
		E124EC2B26B60F9300E7EA55 /* Assets.xcassets */ = {isa = PBXFileReference; lastKnownFileType = folder.assetcatalog; path = Assets.xcassets; sourceTree = "<group>"; };
		E124EC3026B60F9300E7EA55 /* KMLPlaces.app */ = {isa = PBXFileReference; explicitFileType = wrapper.application; includeInIndex = 0; path = KMLPlaces.app; sourceTree = BUILT_PRODUCTS_DIR; };
		E124EC3326B60F9300E7EA55 /* Info.plist */ = {isa = PBXFileReference; lastKnownFileType = text.plist.xml; path = Info.plist; sourceTree = "<group>"; };
		E124EC7226B6112F00E7EA55 /* RootView.swift */ = {isa = PBXFileReference; fileEncoding = 4; lastKnownFileType = sourcecode.swift; path = RootView.swift; sourceTree = "<group>"; };
		E124EC7726B6113E00E7EA55 /* ListView.swift */ = {isa = PBXFileReference; fileEncoding = 4; lastKnownFileType = sourcecode.swift; path = ListView.swift; sourceTree = "<group>"; };
		E124EC7826B6113E00E7EA55 /* ListViewModel.swift */ = {isa = PBXFileReference; fileEncoding = 4; lastKnownFileType = sourcecode.swift; path = ListViewModel.swift; sourceTree = "<group>"; };
		E124EC7E26B7824300E7EA55 /* SettingsView.swift */ = {isa = PBXFileReference; lastKnownFileType = sourcecode.swift; path = SettingsView.swift; sourceTree = "<group>"; };
		E124EC8526B7868100E7EA55 /* SettingsViewModel.swift */ = {isa = PBXFileReference; lastKnownFileType = sourcecode.swift; path = SettingsViewModel.swift; sourceTree = "<group>"; };
		E124EC8826B7871200E7EA55 /* SettingsDocumentPicker.swift */ = {isa = PBXFileReference; lastKnownFileType = sourcecode.swift; path = SettingsDocumentPicker.swift; sourceTree = "<group>"; };
		E124EC9726B78D4A00E7EA55 /* Logger.swift */ = {isa = PBXFileReference; lastKnownFileType = sourcecode.swift; path = Logger.swift; sourceTree = "<group>"; };
		E124EC9B26B790E100E7EA55 /* FoundationExtensions.swift */ = {isa = PBXFileReference; lastKnownFileType = sourcecode.swift; path = FoundationExtensions.swift; sourceTree = "<group>"; };
		E124ECA126B79BCD00E7EA55 /* Shared2.xcdatamodel */ = {isa = PBXFileReference; lastKnownFileType = wrapper.xcdatamodel; path = Shared2.xcdatamodel; sourceTree = "<group>"; };
		E124ECA526B7A34100E7EA55 /* SettingsModule.swift */ = {isa = PBXFileReference; lastKnownFileType = sourcecode.swift; path = SettingsModule.swift; sourceTree = "<group>"; };
		E124ECA826B7A45300E7EA55 /* SettingsRepository.swift */ = {isa = PBXFileReference; lastKnownFileType = sourcecode.swift; path = SettingsRepository.swift; sourceTree = "<group>"; };
		E124ECAC26B7A4E400E7EA55 /* SettingsPreviews.swift */ = {isa = PBXFileReference; lastKnownFileType = sourcecode.swift; path = SettingsPreviews.swift; sourceTree = "<group>"; };
		E124ECB026B7A6C700E7EA55 /* ListModule.swift */ = {isa = PBXFileReference; lastKnownFileType = sourcecode.swift; path = ListModule.swift; sourceTree = "<group>"; };
		E124ECB326B7A75500E7EA55 /* ListNavigationRepository.swift */ = {isa = PBXFileReference; lastKnownFileType = sourcecode.swift; path = ListNavigationRepository.swift; sourceTree = "<group>"; };
		E124ECB626B7ADD000E7EA55 /* CoreDataExtensions.swift */ = {isa = PBXFileReference; lastKnownFileType = sourcecode.swift; path = CoreDataExtensions.swift; sourceTree = "<group>"; };
		E124ECB926B7AE7600E7EA55 /* ListPreviews.swift */ = {isa = PBXFileReference; lastKnownFileType = sourcecode.swift; path = ListPreviews.swift; sourceTree = "<group>"; };
		E124ECBC26B7B15900E7EA55 /* Shared3.xcdatamodel */ = {isa = PBXFileReference; lastKnownFileType = wrapper.xcdatamodel; path = Shared3.xcdatamodel; sourceTree = "<group>"; };
		E124ECBF26B7B24B00E7EA55 /* NotificationName.swift */ = {isa = PBXFileReference; lastKnownFileType = sourcecode.swift; path = NotificationName.swift; sourceTree = "<group>"; };
		E124ECC326B8C16900E7EA55 /* DetailsView.swift */ = {isa = PBXFileReference; lastKnownFileType = sourcecode.swift; path = DetailsView.swift; sourceTree = "<group>"; };
		E124ECCA26B8C49E00E7EA55 /* DetailsModule.swift */ = {isa = PBXFileReference; lastKnownFileType = sourcecode.swift; path = DetailsModule.swift; sourceTree = "<group>"; };
		E124ECCE26B8C7EA00E7EA55 /* ListNavigationView.swift */ = {isa = PBXFileReference; lastKnownFileType = sourcecode.swift; path = ListNavigationView.swift; sourceTree = "<group>"; };
		E125A62826F540240078CBC0 /* Shared4.xcdatamodel */ = {isa = PBXFileReference; lastKnownFileType = wrapper.xcdatamodel; path = Shared4.xcdatamodel; sourceTree = "<group>"; };
		E125A62926F54DE60078CBC0 /* StyleManager.swift */ = {isa = PBXFileReference; lastKnownFileType = sourcecode.swift; path = StyleManager.swift; sourceTree = "<group>"; };
		E125A62C26F550550078CBC0 /* KMLPlacesAppDelegate.swift */ = {isa = PBXFileReference; lastKnownFileType = sourcecode.swift; path = KMLPlacesAppDelegate.swift; sourceTree = "<group>"; };
		E12999C726F12DEE009DC840 /* MapModule.swift */ = {isa = PBXFileReference; lastKnownFileType = sourcecode.swift; path = MapModule.swift; sourceTree = "<group>"; };
		E12999CB26F12E8D009DC840 /* MapView.swift */ = {isa = PBXFileReference; lastKnownFileType = sourcecode.swift; path = MapView.swift; sourceTree = "<group>"; };
		E12999CE26F12F44009DC840 /* MapViewModel.swift */ = {isa = PBXFileReference; lastKnownFileType = sourcecode.swift; path = MapViewModel.swift; sourceTree = "<group>"; };
		E12999D126F130CC009DC840 /* MapPreviews.swift */ = {isa = PBXFileReference; lastKnownFileType = sourcecode.swift; path = MapPreviews.swift; sourceTree = "<group>"; };
		E12999D826F1381D009DC840 /* MapRepository.swift */ = {isa = PBXFileReference; lastKnownFileType = sourcecode.swift; path = MapRepository.swift; sourceTree = "<group>"; };
		E1748CA12707D95C00E30EBD /* SwiftUIExtensions.swift */ = {isa = PBXFileReference; lastKnownFileType = sourcecode.swift; path = SwiftUIExtensions.swift; sourceTree = "<group>"; };
		E19D30AE26D8764200AC3B95 /* DetailsViewModel.swift */ = {isa = PBXFileReference; lastKnownFileType = sourcecode.swift; path = DetailsViewModel.swift; sourceTree = "<group>"; };
		E19D30B126D8783A00AC3B95 /* CoreLocationExtensions.swift */ = {isa = PBXFileReference; lastKnownFileType = sourcecode.swift; path = CoreLocationExtensions.swift; sourceTree = "<group>"; };
		E19D30B426D87A6500AC3B95 /* DetailsPreviews.swift */ = {isa = PBXFileReference; lastKnownFileType = sourcecode.swift; path = DetailsPreviews.swift; sourceTree = "<group>"; };
/* End PBXFileReference section */

/* Begin PBXFileSystemSynchronizedRootGroup section */
		7E68FA502FBBEE9D00A18756 /* KMLPlacesTests */ = {isa = PBXFileSystemSynchronizedRootGroup; explicitFileTypes = {}; explicitFolders = (); path = KMLPlacesTests; sourceTree = "<group>"; };
		7E68FA6A2FBBF0C500A18756 /* KMLPlacesUITests */ = {isa = PBXFileSystemSynchronizedRootGroup; explicitFileTypes = {}; explicitFolders = (); path = KMLPlacesUITests; sourceTree = "<group>"; };
/* End PBXFileSystemSynchronizedRootGroup section */

/* Begin PBXFrameworksBuildPhase section */
		7E68FA4C2FBBEE9D00A18756 /* Frameworks */ = {
			isa = PBXFrameworksBuildPhase;
			buildActionMask = 2147483647;
			files = (
			);
			runOnlyForDeploymentPostprocessing = 0;
		};
		7E68FA662FBBF0C500A18756 /* Frameworks */ = {
			isa = PBXFrameworksBuildPhase;
			buildActionMask = 2147483647;
			files = (
			);
			runOnlyForDeploymentPostprocessing = 0;
		};
		E124EC2D26B60F9300E7EA55 /* Frameworks */ = {
			isa = PBXFrameworksBuildPhase;
			buildActionMask = 2147483647;
			files = (
				E12DB8FD26F8D7B4001DDDF3 /* SDWebImageSwiftUI in Frameworks */,
				E124EC9126B789E100E7EA55 /* SWXMLHash in Frameworks */,
			);
			runOnlyForDeploymentPostprocessing = 0;
		};
/* End PBXFrameworksBuildPhase section */

/* Begin PBXGroup section */
		7E0117972FDA116600698CE9 /* Models */ = {
			isa = PBXGroup;
			children = (
				7E0117902FDA116600698CE9 /* Folder.swift */,
				7E0117912FDA116600698CE9 /* LineString.swift */,
				7E0117922FDA116600698CE9 /* Placemark.swift */,
				7E0117932FDA116600698CE9 /* Point.swift */,
				7E0117942FDA116600698CE9 /* Polygon.swift */,
				7E0117952FDA116600698CE9 /* Style.swift */,
				7E0117962FDA116600698CE9 /* StyleMap.swift */,
			);
			path = Models;
			sourceTree = "<group>";
		};
		7EE694FF2F9C1770007E1A07 /* ListNavigation */ = {
			isa = PBXGroup;
			children = (
				7EE695012F9C17AA007E1A07 /* ListNavigationModule.swift */,
				E124ECB326B7A75500E7EA55 /* ListNavigationRepository.swift */,
				7EE695002F9C179F007E1A07 /* Presentation */,
			);
			path = ListNavigation;
			sourceTree = "<group>";
		};
		7EE695002F9C179F007E1A07 /* Presentation */ = {
			isa = PBXGroup;
			children = (
				E124ECCE26B8C7EA00E7EA55 /* ListNavigationView.swift */,
				7EE694FC2F9C16F2007E1A07 /* ListNavigationViewModel.swift */,
				7EE695042F9C1AD0007E1A07 /* ListNavigationPreviews.swift */,
			);
			path = Presentation;
			sourceTree = "<group>";
		};
		7EE6950A2F9C26A7007E1A07 /* Presentation */ = {
			isa = PBXGroup;
			children = (
				E124EC7226B6112F00E7EA55 /* RootView.swift */,
				7EE6950E2F9C26CD007E1A07 /* RootViewModel.swift */,
			);
			path = Presentation;
			sourceTree = "<group>";
		};
		E124EC2026B60F9200E7EA55 = {
			isa = PBXGroup;
			children = (
				E124EC2526B60F9200E7EA55 /* KMLPlaces */,
				7E68FA502FBBEE9D00A18756 /* KMLPlacesTests */,
				7E68FA6A2FBBF0C500A18756 /* KMLPlacesUITests */,
				E124EC3126B60F9300E7EA55 /* Products */,
				E124EC9226B789F000E7EA55 /* Frameworks */,
			);
			sourceTree = "<group>";
		};
		E124EC2526B60F9200E7EA55 /* KMLPlaces */ = {
			isa = PBXGroup;
			children = (
				E124EC6A26B6102300E7EA55 /* Core */,
				E124EC7026B6110900E7EA55 /* Root */,
				7EE694FF2F9C1770007E1A07 /* ListNavigation */,
				E124EC6F26B6110100E7EA55 /* List */,
				E12999C626F12DCD009DC840 /* Map */,
				E124ECC226B8C13B00E7EA55 /* Details */,
				E124EC7D26B7820600E7EA55 /* Settings */,
				E124EC6B26B6105A00E7EA55 /* Resources */,
				E124EC9A26B790B500E7EA55 /* Util */,
				E124EC3326B60F9300E7EA55 /* Info.plist */,
			);
			path = KMLPlaces;
			sourceTree = "<group>";
		};
		E124EC3126B60F9300E7EA55 /* Products */ = {
			isa = PBXGroup;
			children = (
				E124EC3026B60F9300E7EA55 /* KMLPlaces.app */,
				7E68FA4F2FBBEE9D00A18756 /* KMLPlacesTests.xctest */,
				7E68FA692FBBF0C500A18756 /* KMLPlacesUITests.xctest */,
			);
			name = Products;
			sourceTree = "<group>";
		};
		E124EC6A26B6102300E7EA55 /* Core */ = {
			isa = PBXGroup;
			children = (
				7E0117972FDA116600698CE9 /* Models */,
				E124EC2826B60F9200E7EA55 /* KMLPlacesApp.swift */,
				E125A62C26F550550078CBC0 /* KMLPlacesAppDelegate.swift */,
				E124EC2A26B60F9200E7EA55 /* Persistence.swift */,
				E124EC9726B78D4A00E7EA55 /* Logger.swift */,
				E124EC2626B60F9200E7EA55 /* KMLPlaces.xcdatamodeld */,
			);
			path = Core;
			sourceTree = "<group>";
		};
		E124EC6B26B6105A00E7EA55 /* Resources */ = {
			isa = PBXGroup;
			children = (
				E124EC2B26B60F9300E7EA55 /* Assets.xcassets */,
				7EE695272FAABDB8007E1A07 /* Localizable.xcstrings */,
				7EC60BAA2F8DE601006E1B68 /* Test.kml */,
			);
			path = Resources;
			sourceTree = "<group>";
		};
		E124EC6F26B6110100E7EA55 /* List */ = {
			isa = PBXGroup;
			children = (
				E124ECB026B7A6C700E7EA55 /* ListModule.swift */,
				E124ECAF26B7A6A300E7EA55 /* Presentation */,
			);
			path = List;
			sourceTree = "<group>";
		};
		E124EC7026B6110900E7EA55 /* Root */ = {
			isa = PBXGroup;
			children = (
				7EE6950B2F9C26B1007E1A07 /* RootModule.swift */,
				7EE6950A2F9C26A7007E1A07 /* Presentation */,
			);
			path = Root;
			sourceTree = "<group>";
		};
		E124EC7D26B7820600E7EA55 /* Settings */ = {
			isa = PBXGroup;
			children = (
				E124ECA526B7A34100E7EA55 /* SettingsModule.swift */,
				E124ECA826B7A45300E7EA55 /* SettingsRepository.swift */,
				E124ECAB26B7A49300E7EA55 /* Presentation */,
			);
			path = Settings;
			sourceTree = "<group>";
		};
		E124EC9226B789F000E7EA55 /* Frameworks */ = {
			isa = PBXGroup;
			children = (
			);
			name = Frameworks;
			sourceTree = "<group>";
		};
		E124EC9A26B790B500E7EA55 /* Util */ = {
			isa = PBXGroup;
			children = (
				E124ECBD26B7B22300E7EA55 /* Extensions */,
				7EE695072F9C2611007E1A07 /* ListItem.swift */,
				E124ECBF26B7B24B00E7EA55 /* NotificationName.swift */,
				E125A62926F54DE60078CBC0 /* StyleManager.swift */,
			);
			path = Util;
			sourceTree = "<group>";
		};
		E124ECAB26B7A49300E7EA55 /* Presentation */ = {
			isa = PBXGroup;
			children = (
				E124EC7E26B7824300E7EA55 /* SettingsView.swift */,
				E124EC8526B7868100E7EA55 /* SettingsViewModel.swift */,
				E124EC8826B7871200E7EA55 /* SettingsDocumentPicker.swift */,
				E124ECAC26B7A4E400E7EA55 /* SettingsPreviews.swift */,
			);
			path = Presentation;
			sourceTree = "<group>";
		};
		E124ECAF26B7A6A300E7EA55 /* Presentation */ = {
			isa = PBXGroup;
			children = (
				E124EC7726B6113E00E7EA55 /* ListView.swift */,
				E124EC7826B6113E00E7EA55 /* ListViewModel.swift */,
				E124ECB926B7AE7600E7EA55 /* ListPreviews.swift */,
			);
			path = Presentation;
			sourceTree = "<group>";
		};
		E124ECBD26B7B22300E7EA55 /* Extensions */ = {
			isa = PBXGroup;
			children = (
				E124ECB626B7ADD000E7EA55 /* CoreDataExtensions.swift */,
				E19D30B126D8783A00AC3B95 /* CoreLocationExtensions.swift */,
				E124EC9B26B790E100E7EA55 /* FoundationExtensions.swift */,
				7EE695142FA40B03007E1A07 /* MapKitExtensions.swift */,
				E1748CA12707D95C00E30EBD /* SwiftUIExtensions.swift */,
			);
			path = Extensions;
			sourceTree = "<group>";
		};
		E124ECC226B8C13B00E7EA55 /* Details */ = {
			isa = PBXGroup;
			children = (
				E124ECCA26B8C49E00E7EA55 /* DetailsModule.swift */,
				E124ECCD26B8C4A400E7EA55 /* Presentation */,
			);
			path = Details;
			sourceTree = "<group>";
		};
		E124ECCD26B8C4A400E7EA55 /* Presentation */ = {
			isa = PBXGroup;
			children = (
				E124ECC326B8C16900E7EA55 /* DetailsView.swift */,
				E19D30AE26D8764200AC3B95 /* DetailsViewModel.swift */,
				E19D30B426D87A6500AC3B95 /* DetailsPreviews.swift */,
			);
			path = Presentation;
			sourceTree = "<group>";
		};
		E12999C626F12DCD009DC840 /* Map */ = {
			isa = PBXGroup;
			children = (
				E12999C726F12DEE009DC840 /* MapModule.swift */,
				E12999D826F1381D009DC840 /* MapRepository.swift */,
				E12999CA26F12E82009DC840 /* Presentation */,
			);
			path = Map;
			sourceTree = "<group>";
		};
		E12999CA26F12E82009DC840 /* Presentation */ = {
			isa = PBXGroup;
			children = (
				E12999CB26F12E8D009DC840 /* MapView.swift */,
				E12999CE26F12F44009DC840 /* MapViewModel.swift */,
				E12999D126F130CC009DC840 /* MapPreviews.swift */,
			);
			path = Presentation;
			sourceTree = "<group>";
		};
/* End PBXGroup section */

/* Begin PBXNativeTarget section */
		7E68FA4E2FBBEE9D00A18756 /* KMLPlacesTests */ = {
			isa = PBXNativeTarget;
			buildConfigurationList = 7E68FA572FBBEE9D00A18756 /* Build configuration list for PBXNativeTarget "KMLPlacesTests" */;
			buildPhases = (
				7E68FA4B2FBBEE9D00A18756 /* Sources */,
				7E68FA4C2FBBEE9D00A18756 /* Frameworks */,
				7E68FA4D2FBBEE9D00A18756 /* Resources */,
			);
			buildRules = (
			);
			dependencies = (
				7E68FA542FBBEE9D00A18756 /* PBXTargetDependency */,
			);
			fileSystemSynchronizedGroups = (
				7E68FA502FBBEE9D00A18756 /* KMLPlacesTests */,
			);
			name = KMLPlacesTests;
			packageProductDependencies = (
			);
			productName = KMLPlacesTests;
			productReference = 7E68FA4F2FBBEE9D00A18756 /* KMLPlacesTests.xctest */;
			productType = "com.apple.product-type.bundle.unit-test";
		};
		7E68FA682FBBF0C500A18756 /* KMLPlacesUITests */ = {
			isa = PBXNativeTarget;
			buildConfigurationList = 7E68FA6F2FBBF0C500A18756 /* Build configuration list for PBXNativeTarget "KMLPlacesUITests" */;
			buildPhases = (
				7E68FA652FBBF0C500A18756 /* Sources */,
				7E68FA662FBBF0C500A18756 /* Frameworks */,
				7E68FA672FBBF0C500A18756 /* Resources */,
			);
			buildRules = (
			);
			dependencies = (
				7E68FA732FBBF0D000A18756 /* PBXTargetDependency */,
			);
			fileSystemSynchronizedGroups = (
				7E68FA6A2FBBF0C500A18756 /* KMLPlacesUITests */,
			);
			name = KMLPlacesUITests;
			packageProductDependencies = (
			);
			productName = KMLPlacesUITests;
			productReference = 7E68FA692FBBF0C500A18756 /* KMLPlacesUITests.xctest */;
			productType = "com.apple.product-type.bundle.ui-testing";
		};
		E124EC2F26B60F9300E7EA55 /* KMLPlaces */ = {
			isa = PBXNativeTarget;
			buildConfigurationList = E124EC5E26B60F9300E7EA55 /* Build configuration list for PBXNativeTarget "KMLPlaces" */;
			buildPhases = (
				E124EC2C26B60F9300E7EA55 /* Sources */,
				E124EC8E26B7890600E7EA55 /* Add compiler warnings for TODOs */,
				E124EC2D26B60F9300E7EA55 /* Frameworks */,
				E124EC2E26B60F9300E7EA55 /* Resources */,
			);
			buildRules = (
			);
			dependencies = (
			);
			name = KMLPlaces;
			packageProductDependencies = (
				E124EC9026B789E100E7EA55 /* SWXMLHash */,
				E12DB8FC26F8D7B4001DDDF3 /* SDWebImageSwiftUI */,
			);
			productName = "KMLPlaces (iOS)";
			productReference = E124EC3026B60F9300E7EA55 /* KMLPlaces.app */;
			productType = "com.apple.product-type.application";
		};
/* End PBXNativeTarget section */

/* Begin PBXProject section */
		E124EC2126B60F9200E7EA55 /* Project object */ = {
			isa = PBXProject;
			attributes = {
				BuildIndependentTargetsInParallel = YES;
				LastSwiftUpdateCheck = 2650;
				LastUpgradeCheck = 2640;
				TargetAttributes = {
					7E68FA4E2FBBEE9D00A18756 = {
						CreatedOnToolsVersion = 26.5;
						TestTargetID = E124EC2F26B60F9300E7EA55;
					};
					7E68FA682FBBF0C500A18756 = {
						CreatedOnToolsVersion = 26.5;
						TestTargetID = E124EC2F26B60F9300E7EA55;
					};
					E124EC2F26B60F9300E7EA55 = {
						CreatedOnToolsVersion = 12.5.1;
					};
				};
			};
			buildConfigurationList = E124EC2426B60F9200E7EA55 /* Build configuration list for PBXProject "KMLPlaces" */;
			compatibilityVersion = "Xcode 9.3";
			developmentRegion = en;
			hasScannedForEncodings = 0;
			knownRegions = (
				en,
				Base,
			);
			mainGroup = E124EC2026B60F9200E7EA55;
			packageReferences = (
				E124EC8F26B789E100E7EA55 /* XCRemoteSwiftPackageReference "SWXMLHash" */,
				E12DB8FB26F8D7B4001DDDF3 /* XCRemoteSwiftPackageReference "SDWebImageSwiftUI" */,
			);
			productRefGroup = E124EC3126B60F9300E7EA55 /* Products */;
			projectDirPath = "";
			projectRoot = "";
			targets = (
				E124EC2F26B60F9300E7EA55 /* KMLPlaces */,
				7E68FA4E2FBBEE9D00A18756 /* KMLPlacesTests */,
				7E68FA682FBBF0C500A18756 /* KMLPlacesUITests */,
			);
		};
/* End PBXProject section */

/* Begin PBXResourcesBuildPhase section */
		7E68FA4D2FBBEE9D00A18756 /* Resources */ = {
			isa = PBXResourcesBuildPhase;
			buildActionMask = 2147483647;
			files = (
			);
			runOnlyForDeploymentPostprocessing = 0;
		};
		7E68FA672FBBF0C500A18756 /* Resources */ = {
			isa = PBXResourcesBuildPhase;
			buildActionMask = 2147483647;
			files = (
			);
			runOnlyForDeploymentPostprocessing = 0;
		};
		E124EC2E26B60F9300E7EA55 /* Resources */ = {
			isa = PBXResourcesBuildPhase;
			buildActionMask = 2147483647;
			files = (
				7EC60BAD2F8DEADC006E1B68 /* Test.kml in Resources */,
				E124EC5A26B60F9300E7EA55 /* Assets.xcassets in Resources */,
				7EE695292FAABDB8007E1A07 /* Localizable.xcstrings in Resources */,
			);
			runOnlyForDeploymentPostprocessing = 0;
		};
/* End PBXResourcesBuildPhase section */

/* Begin PBXShellScriptBuildPhase section */
		E124EC8E26B7890600E7EA55 /* Add compiler warnings for TODOs */ = {
			isa = PBXShellScriptBuildPhase;
			alwaysOutOfDate = 1;
			buildActionMask = 2147483647;
			files = (
			);
			inputFileListPaths = (
			);
			inputPaths = (
			);
			name = "Add compiler warnings for TODOs";
			outputFileListPaths = (
			);
			outputPaths = (
			);
			runOnlyForDeploymentPostprocessing = 0;
			shellPath = /bin/sh;
			shellScript = "scripts/add-compiler-warnings-for-TODOs.sh\n";
		};
/* End PBXShellScriptBuildPhase section */

/* Begin PBXSourcesBuildPhase section */
		7E68FA4B2FBBEE9D00A18756 /* Sources */ = {
			isa = PBXSourcesBuildPhase;
			buildActionMask = 2147483647;
			files = (
			);
			runOnlyForDeploymentPostprocessing = 0;
		};
		7E68FA652FBBF0C500A18756 /* Sources */ = {
			isa = PBXSourcesBuildPhase;
			buildActionMask = 2147483647;
			files = (
			);
			runOnlyForDeploymentPostprocessing = 0;
		};
		E124EC2C26B60F9300E7EA55 /* Sources */ = {
			isa = PBXSourcesBuildPhase;
			buildActionMask = 2147483647;
			files = (
				E124EC7F26B7824300E7EA55 /* SettingsView.swift in Sources */,
				E124EC9C26B790E100E7EA55 /* FoundationExtensions.swift in Sources */,
				E124EC9826B78D4A00E7EA55 /* Logger.swift in Sources */,
				E124EC5426B60F9300E7EA55 /* KMLPlacesApp.swift in Sources */,
				E124EC5826B60F9300E7EA55 /* Persistence.swift in Sources */,
				E124EC7B26B6113E00E7EA55 /* ListViewModel.swift in Sources */,
				E124ECB726B7ADD000E7EA55 /* CoreDataExtensions.swift in Sources */,
				E125A62D26F550550078CBC0 /* KMLPlacesAppDelegate.swift in Sources */,
				E12999D226F130CC009DC840 /* MapPreviews.swift in Sources */,
				E125A62A26F54DE60078CBC0 /* StyleManager.swift in Sources */,
				7E0117982FDA116600698CE9 /* LineString.swift in Sources */,
				7E0117992FDA116600698CE9 /* Point.swift in Sources */,
				7E01179A2FDA116600698CE9 /* Polygon.swift in Sources */,
				7E01179B2FDA116600698CE9 /* Placemark.swift in Sources */,
				7E01179C2FDA116600698CE9 /* Folder.swift in Sources */,
				7E01179D2FDA116600698CE9 /* StyleMap.swift in Sources */,
				7E01179E2FDA116600698CE9 /* Style.swift in Sources */,
				E19D30B526D87A6500AC3B95 /* DetailsPreviews.swift in Sources */,
				7EE695032F9C17AE007E1A07 /* ListNavigationModule.swift in Sources */,
				E124ECB126B7A6C700E7EA55 /* ListModule.swift in Sources */,
				E124EC7926B6113E00E7EA55 /* ListView.swift in Sources */,
				E124ECAD26B7A4E400E7EA55 /* SettingsPreviews.swift in Sources */,
				E12999D926F1381D009DC840 /* MapRepository.swift in Sources */,
				E1748CA22707D95C00E30EBD /* SwiftUIExtensions.swift in Sources */,
				E12999CF26F12F44009DC840 /* MapViewModel.swift in Sources */,
				E124ECC026B7B24B00E7EA55 /* NotificationName.swift in Sources */,
				7EE695102F9C26CF007E1A07 /* RootViewModel.swift in Sources */,
				7EC60BAB2F8DE60E006E1B68 /* Test.kml in Sources */,
				E19D30B226D8783A00AC3B95 /* CoreLocationExtensions.swift in Sources */,
				7EE694FD2F9C16FA007E1A07 /* ListNavigationViewModel.swift in Sources */,
				E124EC8926B7871200E7EA55 /* SettingsDocumentPicker.swift in Sources */,
				E12999CC26F12E8D009DC840 /* MapView.swift in Sources */,
				E19D30AF26D8764200AC3B95 /* DetailsViewModel.swift in Sources */,
				E124EC5226B60F9300E7EA55 /* KMLPlaces.xcdatamodeld in Sources */,
				E124EC7526B6112F00E7EA55 /* RootView.swift in Sources */,
				7EE695152FA40B06007E1A07 /* MapKitExtensions.swift in Sources */,
				7EE695062F9C1AD3007E1A07 /* ListNavigationPreviews.swift in Sources */,
				7EE6950C2F9C26B3007E1A07 /* RootModule.swift in Sources */,
				E12999C826F12DEE009DC840 /* MapModule.swift in Sources */,
				E124ECB426B7A75500E7EA55 /* ListNavigationRepository.swift in Sources */,
				E124ECCF26B8C7EA00E7EA55 /* ListNavigationView.swift in Sources */,
				E124ECCB26B8C49E00E7EA55 /* DetailsModule.swift in Sources */,
				E124ECC426B8C16900E7EA55 /* DetailsView.swift in Sources */,
				E124ECA626B7A34100E7EA55 /* SettingsModule.swift in Sources */,
				E124EC8626B7868100E7EA55 /* SettingsViewModel.swift in Sources */,
				7EE695082F9C2613007E1A07 /* ListItem.swift in Sources */,
				E124ECBA26B7AE7600E7EA55 /* ListPreviews.swift in Sources */,
				E124ECA926B7A45300E7EA55 /* SettingsRepository.swift in Sources */,
			);
			runOnlyForDeploymentPostprocessing = 0;
		};
/* End PBXSourcesBuildPhase section */

/* Begin PBXTargetDependency section */
		7E68FA542FBBEE9D00A18756 /* PBXTargetDependency */ = {
			isa = PBXTargetDependency;
			target = E124EC2F26B60F9300E7EA55 /* KMLPlaces */;
			targetProxy = 7E68FA532FBBEE9D00A18756 /* PBXContainerItemProxy */;
		};
		7E68FA732FBBF0D000A18756 /* PBXTargetDependency */ = {
			isa = PBXTargetDependency;
			target = E124EC2F26B60F9300E7EA55 /* KMLPlaces */;
			targetProxy = 7E68FA722FBBF0D000A18756 /* PBXContainerItemProxy */;
		};
/* End PBXTargetDependency section */

/* Begin XCBuildConfiguration section */
		7E68FA552FBBEE9D00A18756 /* Debug */ = {
			isa = XCBuildConfiguration;
			buildSettings = {
				ASSETCATALOG_COMPILER_GENERATE_SWIFT_ASSET_SYMBOL_EXTENSIONS = YES;
				BUNDLE_LOADER = "$(TEST_HOST)";
				CLANG_CXX_LANGUAGE_STANDARD = "gnu++20";
				CODE_SIGN_STYLE = Automatic;
				CURRENT_PROJECT_VERSION = 1;
				DEVELOPMENT_TEAM = W23Z7PC8J5;
				ENABLE_USER_SCRIPT_SANDBOXING = YES;
				GCC_C_LANGUAGE_STANDARD = gnu17;
				GENERATE_INFOPLIST_FILE = YES;
				IPHONEOS_DEPLOYMENT_TARGET = 26.0;
				LOCALIZATION_PREFERS_STRING_CATALOGS = YES;
				MACOSX_DEPLOYMENT_TARGET = 26.0;
				MARKETING_VERSION = 1.0;
				PRODUCT_BUNDLE_IDENTIFIER = com.glenb.KMLPlacesTests;
				PRODUCT_NAME = "$(TARGET_NAME)";
				SDKROOT = auto;
				STRING_CATALOG_GENERATE_SYMBOLS = NO;
				SUPPORTED_PLATFORMS = "iphoneos iphonesimulator macosx xros xrsimulator";
				SWIFT_ACTIVE_COMPILATION_CONDITIONS = "DEBUG $(inherited)";
				SWIFT_APPROACHABLE_CONCURRENCY = YES;
				SWIFT_EMIT_LOC_STRINGS = NO;
				SWIFT_UPCOMING_FEATURE_MEMBER_IMPORT_VISIBILITY = YES;
				SWIFT_VERSION = 5.0;
				TARGETED_DEVICE_FAMILY = "1,2,7";
				TEST_HOST = "$(BUILT_PRODUCTS_DIR)/KMLPlaces.app/$(BUNDLE_EXECUTABLE_FOLDER_PATH)/KMLPlaces";
				XROS_DEPLOYMENT_TARGET = 26.0;
			};
			name = Debug;
		};
		7E68FA562FBBEE9D00A18756 /* Release */ = {
			isa = XCBuildConfiguration;
			buildSettings = {
				ASSETCATALOG_COMPILER_GENERATE_SWIFT_ASSET_SYMBOL_EXTENSIONS = YES;
				BUNDLE_LOADER = "$(TEST_HOST)";
				CLANG_CXX_LANGUAGE_STANDARD = "gnu++20";
				CODE_SIGN_STYLE = Automatic;
				CURRENT_PROJECT_VERSION = 1;
				DEVELOPMENT_TEAM = W23Z7PC8J5;
				ENABLE_USER_SCRIPT_SANDBOXING = YES;
				GCC_C_LANGUAGE_STANDARD = gnu17;
				GENERATE_INFOPLIST_FILE = YES;
				IPHONEOS_DEPLOYMENT_TARGET = 26.0;
				LOCALIZATION_PREFERS_STRING_CATALOGS = YES;
				MACOSX_DEPLOYMENT_TARGET = 26.0;
				MARKETING_VERSION = 1.0;
				PRODUCT_BUNDLE_IDENTIFIER = com.glenb.KMLPlacesTests;
				PRODUCT_NAME = "$(TARGET_NAME)";
				SDKROOT = auto;
				STRING_CATALOG_GENERATE_SYMBOLS = NO;
				SUPPORTED_PLATFORMS = "iphoneos iphonesimulator macosx xros xrsimulator";
				SWIFT_APPROACHABLE_CONCURRENCY = YES;
				SWIFT_EMIT_LOC_STRINGS = NO;
				SWIFT_UPCOMING_FEATURE_MEMBER_IMPORT_VISIBILITY = YES;
				SWIFT_VERSION = 5.0;
				TARGETED_DEVICE_FAMILY = "1,2,7";
				TEST_HOST = "$(BUILT_PRODUCTS_DIR)/KMLPlaces.app/$(BUNDLE_EXECUTABLE_FOLDER_PATH)/KMLPlaces";
				XROS_DEPLOYMENT_TARGET = 26.0;
			};
			name = Release;
		};
		7E68FA702FBBF0C500A18756 /* Debug */ = {
			isa = XCBuildConfiguration;
			buildSettings = {
				ASSETCATALOG_COMPILER_GENERATE_SWIFT_ASSET_SYMBOL_EXTENSIONS = YES;
				CLANG_CXX_LANGUAGE_STANDARD = "gnu++20";
				CODE_SIGN_STYLE = Automatic;
				CURRENT_PROJECT_VERSION = 1;
				DEVELOPMENT_TEAM = W23Z7PC8J5;
				ENABLE_USER_SCRIPT_SANDBOXING = YES;
				GCC_C_LANGUAGE_STANDARD = gnu17;
				GENERATE_INFOPLIST_FILE = YES;
				IPHONEOS_DEPLOYMENT_TARGET = 26.0;
				LOCALIZATION_PREFERS_STRING_CATALOGS = YES;
				MARKETING_VERSION = 1.0;
				PRODUCT_BUNDLE_IDENTIFIER = com.glenb.KMLPlacesUITests;
				PRODUCT_NAME = "$(TARGET_NAME)";
				SDKROOT = watchos;
				STRING_CATALOG_GENERATE_SYMBOLS = NO;
				SUPPORTED_PLATFORMS = "iphoneos iphonesimulator";
				SUPPORTS_MACCATALYST = NO;
				SWIFT_ACTIVE_COMPILATION_CONDITIONS = "DEBUG $(inherited)";
				SWIFT_APPROACHABLE_CONCURRENCY = YES;
				SWIFT_EMIT_LOC_STRINGS = NO;
				SWIFT_UPCOMING_FEATURE_MEMBER_IMPORT_VISIBILITY = YES;
				SWIFT_VERSION = 5.0;
				TARGETED_DEVICE_FAMILY = "1,2";
				TEST_TARGET_NAME = KMLPlaces;
				WATCHOS_DEPLOYMENT_TARGET = 26.0;
			};
			name = Debug;
		};
		7E68FA712FBBF0C500A18756 /* Release */ = {
			isa = XCBuildConfiguration;
			buildSettings = {
				ASSETCATALOG_COMPILER_GENERATE_SWIFT_ASSET_SYMBOL_EXTENSIONS = YES;
				CLANG_CXX_LANGUAGE_STANDARD = "gnu++20";
				CODE_SIGN_STYLE = Automatic;
				CURRENT_PROJECT_VERSION = 1;
				DEVELOPMENT_TEAM = W23Z7PC8J5;
				ENABLE_USER_SCRIPT_SANDBOXING = YES;
				GCC_C_LANGUAGE_STANDARD = gnu17;
				GENERATE_INFOPLIST_FILE = YES;
				IPHONEOS_DEPLOYMENT_TARGET = 26.0;
				LOCALIZATION_PREFERS_STRING_CATALOGS = YES;
				MARKETING_VERSION = 1.0;
				PRODUCT_BUNDLE_IDENTIFIER = com.glenb.KMLPlacesUITests;
				PRODUCT_NAME = "$(TARGET_NAME)";
				SDKROOT = watchos;
				STRING_CATALOG_GENERATE_SYMBOLS = NO;
				SUPPORTED_PLATFORMS = "iphoneos iphonesimulator";
				SUPPORTS_MACCATALYST = NO;
				SWIFT_APPROACHABLE_CONCURRENCY = YES;
				SWIFT_EMIT_LOC_STRINGS = NO;
				SWIFT_UPCOMING_FEATURE_MEMBER_IMPORT_VISIBILITY = YES;
				SWIFT_VERSION = 5.0;
				TARGETED_DEVICE_FAMILY = "1,2";
				TEST_TARGET_NAME = KMLPlaces;
				VALIDATE_PRODUCT = YES;
				WATCHOS_DEPLOYMENT_TARGET = 26.0;
			};
			name = Release;
		};
		E124EC5C26B60F9300E7EA55 /* Debug */ = {
			isa = XCBuildConfiguration;
			buildSettings = {
				ALWAYS_SEARCH_USER_PATHS = NO;
				CLANG_ANALYZER_NONNULL = YES;
				CLANG_ANALYZER_NUMBER_OBJECT_CONVERSION = YES_AGGRESSIVE;
				CLANG_CXX_LANGUAGE_STANDARD = "gnu++14";
				CLANG_CXX_LIBRARY = "libc++";
				CLANG_ENABLE_MODULES = YES;
				CLANG_ENABLE_OBJC_ARC = YES;
				CLANG_ENABLE_OBJC_WEAK = YES;
				CLANG_WARN_BLOCK_CAPTURE_AUTORELEASING = YES;
				CLANG_WARN_BOOL_CONVERSION = YES;
				CLANG_WARN_COMMA = YES;
				CLANG_WARN_CONSTANT_CONVERSION = YES;
				CLANG_WARN_DEPRECATED_OBJC_IMPLEMENTATIONS = YES;
				CLANG_WARN_DIRECT_OBJC_ISA_USAGE = YES_ERROR;
				CLANG_WARN_DOCUMENTATION_COMMENTS = YES;
				CLANG_WARN_EMPTY_BODY = YES;
				CLANG_WARN_ENUM_CONVERSION = YES;
				CLANG_WARN_INFINITE_RECURSION = YES;
				CLANG_WARN_INT_CONVERSION = YES;
				CLANG_WARN_NON_LITERAL_NULL_CONVERSION = YES;
				CLANG_WARN_OBJC_IMPLICIT_RETAIN_SELF = YES;
				CLANG_WARN_OBJC_LITERAL_CONVERSION = YES;
				CLANG_WARN_OBJC_ROOT_CLASS = YES_ERROR;
				CLANG_WARN_QUOTED_INCLUDE_IN_FRAMEWORK_HEADER = YES;
				CLANG_WARN_RANGE_LOOP_ANALYSIS = YES;
				CLANG_WARN_STRICT_PROTOTYPES = YES;
				CLANG_WARN_SUSPICIOUS_MOVE = YES;
				CLANG_WARN_UNGUARDED_AVAILABILITY = YES_AGGRESSIVE;
				CLANG_WARN_UNREACHABLE_CODE = YES;
				CLANG_WARN__DUPLICATE_METHOD_MATCH = YES;
				COPY_PHASE_STRIP = NO;
				DEAD_CODE_STRIPPING = YES;
				DEBUG_INFORMATION_FORMAT = dwarf;
				DEVELOPMENT_TEAM = W23Z7PC8J5;
				ENABLE_STRICT_OBJC_MSGSEND = YES;
				ENABLE_TESTABILITY = YES;
				ENABLE_USER_SCRIPT_SANDBOXING = NO;
				GCC_C_LANGUAGE_STANDARD = gnu11;
				GCC_DYNAMIC_NO_PIC = NO;
				GCC_NO_COMMON_BLOCKS = YES;
				GCC_OPTIMIZATION_LEVEL = 0;
				GCC_PREPROCESSOR_DEFINITIONS = (
					"DEBUG=1",
					"$(inherited)",
				);
				GCC_WARN_64_TO_32_BIT_CONVERSION = YES;
				GCC_WARN_ABOUT_RETURN_TYPE = YES_ERROR;
				GCC_WARN_UNDECLARED_SELECTOR = YES;
				GCC_WARN_UNINITIALIZED_AUTOS = YES_AGGRESSIVE;
				GCC_WARN_UNUSED_FUNCTION = YES;
				GCC_WARN_UNUSED_VARIABLE = YES;
				IPHONEOS_DEPLOYMENT_TARGET = 15.0;
				MTL_ENABLE_DEBUG_INFO = INCLUDE_SOURCE;
				MTL_FAST_MATH = YES;
				ONLY_ACTIVE_ARCH = YES;
				OTHER_SWIFT_FLAGS = "-D DEBUG";
				STRING_CATALOG_GENERATE_SYMBOLS = YES;
				SWIFT_ACTIVE_COMPILATION_CONDITIONS = DEBUG;
				SWIFT_EMIT_LOC_STRINGS = YES;
				SWIFT_OPTIMIZATION_LEVEL = "-Onone";
			};
			name = Debug;
		};
		E124EC5D26B60F9300E7EA55 /* Release */ = {
			isa = XCBuildConfiguration;
			buildSettings = {
				ALWAYS_SEARCH_USER_PATHS = NO;
				CLANG_ANALYZER_NONNULL = YES;
				CLANG_ANALYZER_NUMBER_OBJECT_CONVERSION = YES_AGGRESSIVE;
				CLANG_CXX_LANGUAGE_STANDARD = "gnu++14";
				CLANG_CXX_LIBRARY = "libc++";
				CLANG_ENABLE_MODULES = YES;
				CLANG_ENABLE_OBJC_ARC = YES;
				CLANG_ENABLE_OBJC_WEAK = YES;
				CLANG_WARN_BLOCK_CAPTURE_AUTORELEASING = YES;
				CLANG_WARN_BOOL_CONVERSION = YES;
				CLANG_WARN_COMMA = YES;
				CLANG_WARN_CONSTANT_CONVERSION = YES;
				CLANG_WARN_DEPRECATED_OBJC_IMPLEMENTATIONS = YES;
				CLANG_WARN_DIRECT_OBJC_ISA_USAGE = YES_ERROR;
				CLANG_WARN_DOCUMENTATION_COMMENTS = YES;
				CLANG_WARN_EMPTY_BODY = YES;
				CLANG_WARN_ENUM_CONVERSION = YES;
				CLANG_WARN_INFINITE_RECURSION = YES;
				CLANG_WARN_INT_CONVERSION = YES;
				CLANG_WARN_NON_LITERAL_NULL_CONVERSION = YES;
				CLANG_WARN_OBJC_IMPLICIT_RETAIN_SELF = YES;
				CLANG_WARN_OBJC_LITERAL_CONVERSION = YES;
				CLANG_WARN_OBJC_ROOT_CLASS = YES_ERROR;
				CLANG_WARN_QUOTED_INCLUDE_IN_FRAMEWORK_HEADER = YES;
				CLANG_WARN_RANGE_LOOP_ANALYSIS = YES;
				CLANG_WARN_STRICT_PROTOTYPES = YES;
				CLANG_WARN_SUSPICIOUS_MOVE = YES;
				CLANG_WARN_UNGUARDED_AVAILABILITY = YES_AGGRESSIVE;
				CLANG_WARN_UNREACHABLE_CODE = YES;
				CLANG_WARN__DUPLICATE_METHOD_MATCH = YES;
				COPY_PHASE_STRIP = NO;
				DEAD_CODE_STRIPPING = YES;
				DEBUG_INFORMATION_FORMAT = "dwarf-with-dsym";
				DEVELOPMENT_TEAM = W23Z7PC8J5;
				ENABLE_NS_ASSERTIONS = NO;
				ENABLE_STRICT_OBJC_MSGSEND = YES;
				ENABLE_USER_SCRIPT_SANDBOXING = NO;
				GCC_C_LANGUAGE_STANDARD = gnu11;
				GCC_NO_COMMON_BLOCKS = YES;
				GCC_WARN_64_TO_32_BIT_CONVERSION = YES;
				GCC_WARN_ABOUT_RETURN_TYPE = YES_ERROR;
				GCC_WARN_UNDECLARED_SELECTOR = YES;
				GCC_WARN_UNINITIALIZED_AUTOS = YES_AGGRESSIVE;
				GCC_WARN_UNUSED_FUNCTION = YES;
				GCC_WARN_UNUSED_VARIABLE = YES;
				IPHONEOS_DEPLOYMENT_TARGET = 15.0;
				MTL_ENABLE_DEBUG_INFO = NO;
				MTL_FAST_MATH = YES;
				OTHER_SWIFT_FLAGS = "";
				STRING_CATALOG_GENERATE_SYMBOLS = YES;
				SWIFT_COMPILATION_MODE = wholemodule;
				SWIFT_EMIT_LOC_STRINGS = YES;
				SWIFT_OPTIMIZATION_LEVEL = "-O";
			};
			name = Release;
		};
		E124EC5F26B60F9300E7EA55 /* Debug */ = {
			isa = XCBuildConfiguration;
			buildSettings = {
				ASSETCATALOG_COMPILER_APPICON_NAME = AppIcon;
				ASSETCATALOG_COMPILER_GLOBAL_ACCENT_COLOR_NAME = AccentColor;
				CODE_SIGN_STYLE = Automatic;
				ENABLE_PREVIEWS = YES;
				INFOPLIST_FILE = KMLPlaces/Info.plist;
				IPHONEOS_DEPLOYMENT_TARGET = 26.0;
				LD_RUNPATH_SEARCH_PATHS = (
					"$(inherited)",
					"@executable_path/Frameworks",
				);
				PRODUCT_BUNDLE_IDENTIFIER = com.glenb.KMLPlaces;
				PRODUCT_NAME = KMLPlaces;
				SDKROOT = iphoneos;
				SWIFT_VERSION = 5.0;
				TARGETED_DEVICE_FAMILY = "1,2";
			};
			name = Debug;
		};
		E124EC6026B60F9300E7EA55 /* Release */ = {
			isa = XCBuildConfiguration;
			buildSettings = {
				ASSETCATALOG_COMPILER_APPICON_NAME = AppIcon;
				ASSETCATALOG_COMPILER_GLOBAL_ACCENT_COLOR_NAME = AccentColor;
				CODE_SIGN_STYLE = Automatic;
				ENABLE_PREVIEWS = YES;
				INFOPLIST_FILE = KMLPlaces/Info.plist;
				IPHONEOS_DEPLOYMENT_TARGET = 26.0;
				LD_RUNPATH_SEARCH_PATHS = (
					"$(inherited)",
					"@executable_path/Frameworks",
				);
				PRODUCT_BUNDLE_IDENTIFIER = com.glenb.KMLPlaces;
				PRODUCT_NAME = KMLPlaces;
				SDKROOT = iphoneos;
				SWIFT_VERSION = 5.0;
				TARGETED_DEVICE_FAMILY = "1,2";
				VALIDATE_PRODUCT = YES;
			};
			name = Release;
		};
/* End XCBuildConfiguration section */

/* Begin XCConfigurationList section */
		7E68FA572FBBEE9D00A18756 /* Build configuration list for PBXNativeTarget "KMLPlacesTests" */ = {
			isa = XCConfigurationList;
			buildConfigurations = (
				7E68FA552FBBEE9D00A18756 /* Debug */,
				7E68FA562FBBEE9D00A18756 /* Release */,
			);
			defaultConfigurationIsVisible = 0;
			defaultConfigurationName = Release;
		};
		7E68FA6F2FBBF0C500A18756 /* Build configuration list for PBXNativeTarget "KMLPlacesUITests" */ = {
			isa = XCConfigurationList;
			buildConfigurations = (
				7E68FA702FBBF0C500A18756 /* Debug */,
				7E68FA712FBBF0C500A18756 /* Release */,
			);
			defaultConfigurationIsVisible = 0;
			defaultConfigurationName = Release;
		};
		E124EC2426B60F9200E7EA55 /* Build configuration list for PBXProject "KMLPlaces" */ = {
			isa = XCConfigurationList;
			buildConfigurations = (
				E124EC5C26B60F9300E7EA55 /* Debug */,
				E124EC5D26B60F9300E7EA55 /* Release */,
			);
			defaultConfigurationIsVisible = 0;
			defaultConfigurationName = Release;
		};
		E124EC5E26B60F9300E7EA55 /* Build configuration list for PBXNativeTarget "KMLPlaces" */ = {
			isa = XCConfigurationList;
			buildConfigurations = (
				E124EC5F26B60F9300E7EA55 /* Debug */,
				E124EC6026B60F9300E7EA55 /* Release */,
			);
			defaultConfigurationIsVisible = 0;
			defaultConfigurationName = Release;
		};
/* End XCConfigurationList section */

/* Begin XCRemoteSwiftPackageReference section */
		E124EC8F26B789E100E7EA55 /* XCRemoteSwiftPackageReference "SWXMLHash" */ = {
			isa = XCRemoteSwiftPackageReference;
			repositoryURL = "https://github.com/drmohundro/SWXMLHash.git";
			requirement = {
				kind = upToNextMajorVersion;
				minimumVersion = 5.0.2;
			};
		};
		E12DB8FB26F8D7B4001DDDF3 /* XCRemoteSwiftPackageReference "SDWebImageSwiftUI" */ = {
			isa = XCRemoteSwiftPackageReference;
			repositoryURL = "https://github.com/SDWebImage/SDWebImageSwiftUI.git";
			requirement = {
				kind = upToNextMajorVersion;
				minimumVersion = 2.0.2;
			};
		};
/* End XCRemoteSwiftPackageReference section */

/* Begin XCSwiftPackageProductDependency section */
		E124EC9026B789E100E7EA55 /* SWXMLHash */ = {
			isa = XCSwiftPackageProductDependency;
			package = E124EC8F26B789E100E7EA55 /* XCRemoteSwiftPackageReference "SWXMLHash" */;
			productName = SWXMLHash;
		};
		E12DB8FC26F8D7B4001DDDF3 /* SDWebImageSwiftUI */ = {
			isa = XCSwiftPackageProductDependency;
			package = E12DB8FB26F8D7B4001DDDF3 /* XCRemoteSwiftPackageReference "SDWebImageSwiftUI" */;
			productName = SDWebImageSwiftUI;
		};
/* End XCSwiftPackageProductDependency section */

/* Begin XCVersionGroup section */
		E124EC2626B60F9200E7EA55 /* KMLPlaces.xcdatamodeld */ = {
			isa = XCVersionGroup;
			children = (
				7EE6951D2FA8361B007E1A07 /* Shared6.xcdatamodel */,
				7EE694F72F9447DA007E1A07 /* Shared5.xcdatamodel */,
				E125A62826F540240078CBC0 /* Shared4.xcdatamodel */,
				E124ECBC26B7B15900E7EA55 /* Shared3.xcdatamodel */,
				E124ECA126B79BCD00E7EA55 /* Shared2.xcdatamodel */,
				E124EC2726B60F9200E7EA55 /* Shared.xcdatamodel */,
			);
			currentVersion = 7EE6951D2FA8361B007E1A07 /* Shared6.xcdatamodel */;
			path = KMLPlaces.xcdatamodeld;
			sourceTree = "<group>";
			versionGroupType = wrapper.xcdatamodel;
		};
/* End XCVersionGroup section */
	};
	rootObject = E124EC2126B60F9200E7EA55 /* Project object */;
}
